// !$*UTF8*$!
{
	archiveVersion = 1;
	classes = {
	};
	objectVersion = 56;
	objects = {

/* Begin PBXBuildFile section */
		EA1A53A9299E3C2300E5B193 /* Open3D-iOS in Frameworks */ = {isa = PBXBuildFile; productRef = EA1A53A8299E3C2300E5B193 /* Open3D-iOS */; };
		EA24D4D229A4BF37002979D0 /* ProcessingConstants.swift in Sources */ = {isa = PBXBuildFile; fileRef = EA24D4D129A4BF37002979D0 /* ProcessingConstants.swift */; };
		EA2C90AC29A6245800C2C209 /* Zip in Frameworks */ = {isa = PBXBuildFile; productRef = EA2C90AB29A6245800C2C209 /* Zip */; };
		EA2C90AF29A624F300C2C209 /* ReconstructionInput.swift in Sources */ = {isa = PBXBuildFile; fileRef = EA2C90AE29A624F300C2C209 /* ReconstructionInput.swift */; };
		EA2C90B229A6479500C2C209 /* foot.obj in Resources */ = {isa = PBXBuildFile; fileRef = EA2C90B129A6479500C2C209 /* foot.obj */; };
		EA3D9D322967419C00331FEA /* SoleCaptureModuleBuilder.swift in Sources */ = {isa = PBXBuildFile; fileRef = EA3D9D2E2967419C00331FEA /* SoleCaptureModuleBuilder.swift */; };
		EA3D9D332967419C00331FEA /* SoleCaptureViewController.swift in Sources */ = {isa = PBXBuildFile; fileRef = EA3D9D2F2967419C00331FEA /* SoleCaptureViewController.swift */; };
		EA3D9D342967419C00331FEA /* SoleCaptureView.swift in Sources */ = {isa = PBXBuildFile; fileRef = EA3D9D302967419C00331FEA /* SoleCaptureView.swift */; };
		EA3D9D352967419C00331FEA /* SoleCaptureViewModel.swift in Sources */ = {isa = PBXBuildFile; fileRef = EA3D9D312967419C00331FEA /* SoleCaptureViewModel.swift */; };
		EA3D9D3B29674DED00331FEA /* InstructionsModuleBuilder.swift in Sources */ = {isa = PBXBuildFile; fileRef = EA3D9D3729674DED00331FEA /* InstructionsModuleBuilder.swift */; };
		EA3D9D3C29674DED00331FEA /* InstructionsViewController.swift in Sources */ = {isa = PBXBuildFile; fileRef = EA3D9D3829674DED00331FEA /* InstructionsViewController.swift */; };
		EA3D9D3D29674DED00331FEA /* InstructionsView.swift in Sources */ = {isa = PBXBuildFile; fileRef = EA3D9D3929674DED00331FEA /* InstructionsView.swift */; };
		EA3D9D3E29674DED00331FEA /* InstructionsViewModel.swift in Sources */ = {isa = PBXBuildFile; fileRef = EA3D9D3A29674DED00331FEA /* InstructionsViewModel.swift */; };
		EA3D9D452967532400331FEA /* Instruction.swift in Sources */ = {isa = PBXBuildFile; fileRef = EA3D9D442967532400331FEA /* Instruction.swift */; };
		EA3D9D4B296759DE00331FEA /* ReusableCell.swift in Sources */ = {isa = PBXBuildFile; fileRef = EA3D9D4A296759DE00331FEA /* ReusableCell.swift */; };
		EA3D9D4D29675A4500331FEA /* UICollectionView+Cells.swift in Sources */ = {isa = PBXBuildFile; fileRef = EA3D9D4C29675A4500331FEA /* UICollectionView+Cells.swift */; };
		EA3D9D5029675AA600331FEA /* InstructionCollectionViewCell.swift in Sources */ = {isa = PBXBuildFile; fileRef = EA3D9D4F29675AA600331FEA /* InstructionCollectionViewCell.swift */; };
		EA3D9D542967FCA800331FEA /* SpeechRecognizer.swift in Sources */ = {isa = PBXBuildFile; fileRef = EA3D9D532967FCA800331FEA /* SpeechRecognizer.swift */; };
		EA3D9D572967FD3000331FEA /* SpeechRecognizerEvent.swift in Sources */ = {isa = PBXBuildFile; fileRef = EA3D9D562967FD3000331FEA /* SpeechRecognizerEvent.swift */; };
		EA3EF189298C0B7C00DADE92 /* Lottie in Frameworks */ = {isa = PBXBuildFile; productRef = EA3EF188298C0B7C00DADE92 /* Lottie */; };
		EA3EF18E298C0BF800DADE92 /* Animation.swift in Sources */ = {isa = PBXBuildFile; fileRef = EA3EF18D298C0BF800DADE92 /* Animation.swift */; };
		EA3EF190298C0C0400DADE92 /* loader.json in Resources */ = {isa = PBXBuildFile; fileRef = EA3EF18F298C0C0400DADE92 /* loader.json */; };
		EA3EF196298C0C2400DADE92 /* ProcessingModuleBuilder.swift in Sources */ = {isa = PBXBuildFile; fileRef = EA3EF192298C0C2400DADE92 /* ProcessingModuleBuilder.swift */; };
		EA3EF197298C0C2400DADE92 /* ProcessingViewController.swift in Sources */ = {isa = PBXBuildFile; fileRef = EA3EF193298C0C2400DADE92 /* ProcessingViewController.swift */; };
		EA3EF198298C0C2400DADE92 /* ProcessingView.swift in Sources */ = {isa = PBXBuildFile; fileRef = EA3EF194298C0C2400DADE92 /* ProcessingView.swift */; };
		EA3EF199298C0C2400DADE92 /* ProcessingViewModel.swift in Sources */ = {isa = PBXBuildFile; fileRef = EA3EF195298C0C2400DADE92 /* ProcessingViewModel.swift */; };
		EA3EF1A6298C10BA00DADE92 /* PreviewModuleBuilder.swift in Sources */ = {isa = PBXBuildFile; fileRef = EA3EF1A2298C10BA00DADE92 /* PreviewModuleBuilder.swift */; };
		EA3EF1A7298C10BA00DADE92 /* PreviewViewController.swift in Sources */ = {isa = PBXBuildFile; fileRef = EA3EF1A3298C10BA00DADE92 /* PreviewViewController.swift */; };
		EA3EF1A8298C10BA00DADE92 /* PreviewView.swift in Sources */ = {isa = PBXBuildFile; fileRef = EA3EF1A4298C10BA00DADE92 /* PreviewView.swift */; };
		EA3EF1A9298C10BA00DADE92 /* PreviewViewModel.swift in Sources */ = {isa = PBXBuildFile; fileRef = EA3EF1A5298C10BA00DADE92 /* PreviewViewModel.swift */; };
		EA6C9BE2295EBDD4009B6755 /* CapturePosition.swift in Sources */ = {isa = PBXBuildFile; fileRef = EA6C9BE1295EBDD4009B6755 /* CapturePosition.swift */; };
		EA743F3A295C147A00C488C4 /* AppDelegate.swift in Sources */ = {isa = PBXBuildFile; fileRef = EA743F39295C147A00C488C4 /* AppDelegate.swift */; };
		EA743F3C295C147A00C488C4 /* SceneDelegate.swift in Sources */ = {isa = PBXBuildFile; fileRef = EA743F3B295C147A00C488C4 /* SceneDelegate.swift */; };
		EA743F43295C147C00C488C4 /* Assets.xcassets in Resources */ = {isa = PBXBuildFile; fileRef = EA743F42295C147C00C488C4 /* Assets.xcassets */; };
		EA743F46295C147C00C488C4 /* LaunchScreen.storyboard in Resources */ = {isa = PBXBuildFile; fileRef = EA743F44295C147C00C488C4 /* LaunchScreen.storyboard */; };
		EA743F55295C17C800C488C4 /* CombineCocoa in Frameworks */ = {isa = PBXBuildFile; productRef = EA743F54295C17C800C488C4 /* CombineCocoa */; };
		EA743F59295C2BAC00C488C4 /* FuturaBold.ttf in Resources */ = {isa = PBXBuildFile; fileRef = EA743F58295C2BAC00C488C4 /* FuturaBold.ttf */; };
		EA743F5E295C2BF500C488C4 /* Font.swift in Sources */ = {isa = PBXBuildFile; fileRef = EA743F5D295C2BF500C488C4 /* Font.swift */; };
		EA743F66295C2C8800C488C4 /* SF-Pro-Text-Medium.otf in Resources */ = {isa = PBXBuildFile; fileRef = EA743F61295C2C8800C488C4 /* SF-Pro-Text-Medium.otf */; };
		EA743F67295C2C8800C488C4 /* SF-Pro-Text-Regular.otf in Resources */ = {isa = PBXBuildFile; fileRef = EA743F62295C2C8800C488C4 /* SF-Pro-Text-Regular.otf */; };
		EA743F68295C2C8800C488C4 /* SF-Pro-Text-Bold.otf in Resources */ = {isa = PBXBuildFile; fileRef = EA743F63295C2C8800C488C4 /* SF-Pro-Text-Bold.otf */; };
		EA743F69295C2C8800C488C4 /* SF-Pro-Text-Thin.otf in Resources */ = {isa = PBXBuildFile; fileRef = EA743F64295C2C8800C488C4 /* SF-Pro-Text-Thin.otf */; };
		EA743F6B295C2E2E00C488C4 /* AppContainer.swift in Sources */ = {isa = PBXBuildFile; fileRef = EA743F6A295C2E2E00C488C4 /* AppContainer.swift */; };
		EA743F70295C2EB300C488C4 /* Coordinator.swift in Sources */ = {isa = PBXBuildFile; fileRef = EA743F6F295C2EB300C488C4 /* Coordinator.swift */; };
		EA743F75295C2FD400C488C4 /* UIViewController+ControllerForPresentation.swift in Sources */ = {isa = PBXBuildFile; fileRef = EA743F74295C2FD400C488C4 /* UIViewController+ControllerForPresentation.swift */; };
		EA743F77295C305200C488C4 /* AppCoordinator.swift in Sources */ = {isa = PBXBuildFile; fileRef = EA743F76295C305200C488C4 /* AppCoordinator.swift */; };
		EA743F7D295C32BD00C488C4 /* UIView+Constraints.swift in Sources */ = {isa = PBXBuildFile; fileRef = EA743F7C295C32BD00C488C4 /* UIView+Constraints.swift */; };
		EA743F88295C332400C488C4 /* Module.swift in Sources */ = {isa = PBXBuildFile; fileRef = EA743F87295C332400C488C4 /* Module.swift */; };
		EA743F8C295C33AC00C488C4 /* BaseView.swift in Sources */ = {isa = PBXBuildFile; fileRef = EA743F8B295C33AC00C488C4 /* BaseView.swift */; };
		EA743F8E295C33FC00C488C4 /* BaseViewController.swift in Sources */ = {isa = PBXBuildFile; fileRef = EA743F8D295C33FC00C488C4 /* BaseViewController.swift */; };
		EA743F92295C345200C488C4 /* ViewModel.swift in Sources */ = {isa = PBXBuildFile; fileRef = EA743F91295C345200C488C4 /* ViewModel.swift */; };
		EA743F94295C350F00C488C4 /* BaseViewModel.swift in Sources */ = {isa = PBXBuildFile; fileRef = EA743F93295C350F00C488C4 /* BaseViewModel.swift */; };
		EA743F98295C391A00C488C4 /* LogService.swift in Sources */ = {isa = PBXBuildFile; fileRef = EA743F97295C391A00C488C4 /* LogService.swift */; };
		EA743F9D295C397700C488C4 /* LogType.swift in Sources */ = {isa = PBXBuildFile; fileRef = EA743F9C295C397700C488C4 /* LogType.swift */; };
		EA743F9F295C39C800C488C4 /* LogModel.swift in Sources */ = {isa = PBXBuildFile; fileRef = EA743F9E295C39C800C488C4 /* LogModel.swift */; };
		EA7512C3295C5A99006EE033 /* FootCaptureModuleBuilder.swift in Sources */ = {isa = PBXBuildFile; fileRef = EA7512BF295C5A99006EE033 /* FootCaptureModuleBuilder.swift */; };
		EA7512C4295C5A99006EE033 /* FootCaptureViewController.swift in Sources */ = {isa = PBXBuildFile; fileRef = EA7512C0295C5A99006EE033 /* FootCaptureViewController.swift */; };
		EA7512C5295C5A99006EE033 /* FootCaptureView.swift in Sources */ = {isa = PBXBuildFile; fileRef = EA7512C1295C5A99006EE033 /* FootCaptureView.swift */; };
		EA7512C6295C5A99006EE033 /* FootCaptureViewModel.swift in Sources */ = {isa = PBXBuildFile; fileRef = EA7512C2295C5A99006EE033 /* FootCaptureViewModel.swift */; };
		EA7512D0295C6397006EE033 /* Toast in Frameworks */ = {isa = PBXBuildFile; productRef = EA7512CF295C6397006EE033 /* Toast */; };
		EA7512D3295CB6EF006EE033 /* ARSessionManager.swift in Sources */ = {isa = PBXBuildFile; fileRef = EA7512D2295CB6EF006EE033 /* ARSessionManager.swift */; };
		EA7512D6295CBACA006EE033 /* ARSessionManagerEvent.swift in Sources */ = {isa = PBXBuildFile; fileRef = EA7512D5295CBACA006EE033 /* ARSessionManagerEvent.swift */; };
		EA7512DC295CCA65006EE033 /* Colors.swift in Sources */ = {isa = PBXBuildFile; fileRef = EA7512DB295CCA65006EE033 /* Colors.swift */; };
		EAE43DAD296401F900405533 /* CaptureService.swift in Sources */ = {isa = PBXBuildFile; fileRef = EAE43DAC296401F900405533 /* CaptureService.swift */; };
		EAE43DB02964024100405533 /* CaptureServiceEvent.swift in Sources */ = {isa = PBXBuildFile; fileRef = EAE43DAF2964024100405533 /* CaptureServiceEvent.swift */; };
		EAE43DB32964082E00405533 /* simd_float4x4+Position.swift in Sources */ = {isa = PBXBuildFile; fileRef = EAE43DB22964082E00405533 /* simd_float4x4+Position.swift */; };
		EAE43DB62964394C00405533 /* CVPixelBuffer+Copy.swift in Sources */ = {isa = PBXBuildFile; fileRef = EAE43DB52964394C00405533 /* CVPixelBuffer+Copy.swift */; };
		EAE43DBA29643ACB00405533 /* CaptureOutput.swift in Sources */ = {isa = PBXBuildFile; fileRef = EAE43DB929643ACB00405533 /* CaptureOutput.swift */; };
		EAE43DBE29643E4100405533 /* CaptureOutputManagerEvent.swift in Sources */ = {isa = PBXBuildFile; fileRef = EAE43DBD29643E4100405533 /* CaptureOutputManagerEvent.swift */; };
		EAE43DC029643E5100405533 /* CaptureOutputManager.swift in Sources */ = {isa = PBXBuildFile; fileRef = EAE43DBF29643E5100405533 /* CaptureOutputManager.swift */; };
		EAE43DC229643F7200405533 /* CaptureOutputSettings.swift in Sources */ = {isa = PBXBuildFile; fileRef = EAE43DC129643F7200405533 /* CaptureOutputSettings.swift */; };
		EAE43DC7296441CA00405533 /* FileManager+FilePath.swift in Sources */ = {isa = PBXBuildFile; fileRef = EAE43DC6296441CA00405533 /* FileManager+FilePath.swift */; };
		EAE43DC92964423000405533 /* String+InitFromArray.swift in Sources */ = {isa = PBXBuildFile; fileRef = EAE43DC82964423000405533 /* String+InitFromArray.swift */; };
		EAE43DCC2964424F00405533 /* OutputConstants.swift in Sources */ = {isa = PBXBuildFile; fileRef = EAE43DCB2964424F00405533 /* OutputConstants.swift */; };
		EAE43DCE2964429800405533 /* Matrix+ToString.swift in Sources */ = {isa = PBXBuildFile; fileRef = EAE43DCD2964429800405533 /* Matrix+ToString.swift */; };
		EAE43DD02964439100405533 /* UIImage+Init.swift in Sources */ = {isa = PBXBuildFile; fileRef = EAE43DCF2964439100405533 /* UIImage+Init.swift */; };
		EAE43DD2296443C600405533 /* CaptureProcessedOutput.swift in Sources */ = {isa = PBXBuildFile; fileRef = EAE43DD1296443C600405533 /* CaptureProcessedOutput.swift */; };
		EAE43DD42964455C00405533 /* CaptureConstants.swift in Sources */ = {isa = PBXBuildFile; fileRef = EAE43DD32964455C00405533 /* CaptureConstants.swift */; };
		EAE43DDA29644A4000405533 /* SuccessModuleBuilder.swift in Sources */ = {isa = PBXBuildFile; fileRef = EAE43DD629644A4000405533 /* SuccessModuleBuilder.swift */; };
		EAE43DDB29644A4000405533 /* SuccessViewController.swift in Sources */ = {isa = PBXBuildFile; fileRef = EAE43DD729644A4000405533 /* SuccessViewController.swift */; };
		EAE43DDC29644A4000405533 /* SuccessView.swift in Sources */ = {isa = PBXBuildFile; fileRef = EAE43DD829644A4000405533 /* SuccessView.swift */; };
		EAE43DDD29644A4000405533 /* SuccessViewModel.swift in Sources */ = {isa = PBXBuildFile; fileRef = EAE43DD929644A4000405533 /* SuccessViewModel.swift */; };
		EAE43DE329644D6200405533 /* ActivityViewController.swift in Sources */ = {isa = PBXBuildFile; fileRef = EAE43DE229644D6200405533 /* ActivityViewController.swift */; };
		EAE43DE529644DA900405533 /* UIDevice+Model.swift in Sources */ = {isa = PBXBuildFile; fileRef = EAE43DE429644DA900405533 /* UIDevice+Model.swift */; };
		EAE43DE829644E1100405533 /* OutputArray+GetFiles.swift in Sources */ = {isa = PBXBuildFile; fileRef = EAE43DE729644E1100405533 /* OutputArray+GetFiles.swift */; };
		EAE5CF9729A49F910053CB98 /* ReconstructionServiceWrapper.mm in Sources */ = {isa = PBXBuildFile; fileRef = EAE5CF9629A49F910053CB98 /* ReconstructionServiceWrapper.mm */; };
		EAEE0C9A299E6E01007D5BB2 /* alignment.cpp in Sources */ = {isa = PBXBuildFile; fileRef = EAEE0C8B299E6DFC007D5BB2 /* alignment.cpp */; };
		EAEE0C9B299E6E01007D5BB2 /* CMakeLists.txt in Resources */ = {isa = PBXBuildFile; fileRef = EAEE0C8D299E6DFD007D5BB2 /* CMakeLists.txt */; };
		EAEE0C9C299E6E01007D5BB2 /* reconstruction.cpp in Sources */ = {isa = PBXBuildFile; fileRef = EAEE0C8F299E6DFE007D5BB2 /* reconstruction.cpp */; };
		EAEE0C9D299E6E01007D5BB2 /* stitching.cpp in Sources */ = {isa = PBXBuildFile; fileRef = EAEE0C93299E6DFF007D5BB2 /* stitching.cpp */; };
		EAEE0C9E299E6E01007D5BB2 /* postprocessing.cpp in Sources */ = {isa = PBXBuildFile; fileRef = EAEE0C95299E6E00007D5BB2 /* postprocessing.cpp */; };
		EAEE0C9F299E6E01007D5BB2 /* util.cpp in Sources */ = {isa = PBXBuildFile; fileRef = EAEE0C96299E6E00007D5BB2 /* util.cpp */; };
		EAEE0CA0299E6E01007D5BB2 /* segmentation.cpp in Sources */ = {isa = PBXBuildFile; fileRef = EAEE0C98299E6E01007D5BB2 /* segmentation.cpp */; };
		EAEE0CA1299E6E01007D5BB2 /* floor.cpp in Sources */ = {isa = PBXBuildFile; fileRef = EAEE0C99299E6E01007D5BB2 /* floor.cpp */; };
		EAEE0CA4299E6F27007D5BB2 /* io.cpp in Sources */ = {isa = PBXBuildFile; fileRef = EAEE0CA3299E6F27007D5BB2 /* io.cpp */; };
		EAEE0CA7299E6F93007D5BB2 /* OpenCV in Frameworks */ = {isa = PBXBuildFile; productRef = EAEE0CA6299E6F93007D5BB2 /* OpenCV */; };
		EAF2434D295D9178000855C3 /* Images.swift in Sources */ = {isa = PBXBuildFile; fileRef = EAF2434C295D9178000855C3 /* Images.swift */; };
		EAF2434F295D92DA000855C3 /* FootNode.swift in Sources */ = {isa = PBXBuildFile; fileRef = EAF2434E295D92DA000855C3 /* FootNode.swift */; };
		EAF24352295DA183000855C3 /* ARSCNView+WorldPosition.swift in Sources */ = {isa = PBXBuildFile; fileRef = EAF24351295DA183000855C3 /* ARSCNView+WorldPosition.swift */; };
		EAF24354295DA19A000855C3 /* SCNVector3+Transform.swift in Sources */ = {isa = PBXBuildFile; fileRef = EAF24353295DA19A000855C3 /* SCNVector3+Transform.swift */; };
		EAF24357295DA921000855C3 /* ARSessionCombinedDelegate.swift in Sources */ = {isa = PBXBuildFile; fileRef = EAF24356295DA921000855C3 /* ARSessionCombinedDelegate.swift */; };
		EAF24359295DD435000855C3 /* PhoneNode.swift in Sources */ = {isa = PBXBuildFile; fileRef = EAF24358295DD435000855C3 /* PhoneNode.swift */; };
		EAF45DC029A4B5590000F3EC /* ReconstructionService.swift in Sources */ = {isa = PBXBuildFile; fileRef = EAF45DBF29A4B5590000F3EC /* ReconstructionService.swift */; };
		EAF45DC329A4B5990000F3EC /* ReconstructionServiceEvent.swift in Sources */ = {isa = PBXBuildFile; fileRef = EAF45DC229A4B5980000F3EC /* ReconstructionServiceEvent.swift */; };
/* End PBXBuildFile section */

/* Begin PBXFileReference section */
		EA24D4D129A4BF37002979D0 /* ProcessingConstants.swift */ = {isa = PBXFileReference; lastKnownFileType = sourcecode.swift; path = ProcessingConstants.swift; sourceTree = "<group>"; };
		EA2C90AE29A624F300C2C209 /* ReconstructionInput.swift */ = {isa = PBXFileReference; lastKnownFileType = sourcecode.swift; path = ReconstructionInput.swift; sourceTree = "<group>"; };
		EA2C90B129A6479500C2C209 /* foot.obj */ = {isa = PBXFileReference; fileEncoding = 4; lastKnownFileType = text; path = foot.obj; sourceTree = "<group>"; };
		EA3D9D2E2967419C00331FEA /* SoleCaptureModuleBuilder.swift */ = {isa = PBXFileReference; lastKnownFileType = sourcecode.swift; path = SoleCaptureModuleBuilder.swift; sourceTree = "<group>"; };
		EA3D9D2F2967419C00331FEA /* SoleCaptureViewController.swift */ = {isa = PBXFileReference; lastKnownFileType = sourcecode.swift; path = SoleCaptureViewController.swift; sourceTree = "<group>"; };
		EA3D9D302967419C00331FEA /* SoleCaptureView.swift */ = {isa = PBXFileReference; lastKnownFileType = sourcecode.swift; path = SoleCaptureView.swift; sourceTree = "<group>"; };
		EA3D9D312967419C00331FEA /* SoleCaptureViewModel.swift */ = {isa = PBXFileReference; lastKnownFileType = sourcecode.swift; path = SoleCaptureViewModel.swift; sourceTree = "<group>"; };
		EA3D9D3729674DED00331FEA /* InstructionsModuleBuilder.swift */ = {isa = PBXFileReference; lastKnownFileType = sourcecode.swift; path = InstructionsModuleBuilder.swift; sourceTree = "<group>"; };
		EA3D9D3829674DED00331FEA /* InstructionsViewController.swift */ = {isa = PBXFileReference; lastKnownFileType = sourcecode.swift; path = InstructionsViewController.swift; sourceTree = "<group>"; };
		EA3D9D3929674DED00331FEA /* InstructionsView.swift */ = {isa = PBXFileReference; lastKnownFileType = sourcecode.swift; path = InstructionsView.swift; sourceTree = "<group>"; };
		EA3D9D3A29674DED00331FEA /* InstructionsViewModel.swift */ = {isa = PBXFileReference; lastKnownFileType = sourcecode.swift; path = InstructionsViewModel.swift; sourceTree = "<group>"; };
		EA3D9D442967532400331FEA /* Instruction.swift */ = {isa = PBXFileReference; lastKnownFileType = sourcecode.swift; path = Instruction.swift; sourceTree = "<group>"; };
		EA3D9D4A296759DE00331FEA /* ReusableCell.swift */ = {isa = PBXFileReference; lastKnownFileType = sourcecode.swift; path = ReusableCell.swift; sourceTree = "<group>"; };
		EA3D9D4C29675A4500331FEA /* UICollectionView+Cells.swift */ = {isa = PBXFileReference; lastKnownFileType = sourcecode.swift; path = "UICollectionView+Cells.swift"; sourceTree = "<group>"; };
		EA3D9D4F29675AA600331FEA /* InstructionCollectionViewCell.swift */ = {isa = PBXFileReference; lastKnownFileType = sourcecode.swift; path = InstructionCollectionViewCell.swift; sourceTree = "<group>"; };
		EA3D9D532967FCA800331FEA /* SpeechRecognizer.swift */ = {isa = PBXFileReference; lastKnownFileType = sourcecode.swift; path = SpeechRecognizer.swift; sourceTree = "<group>"; };
		EA3D9D562967FD3000331FEA /* SpeechRecognizerEvent.swift */ = {isa = PBXFileReference; lastKnownFileType = sourcecode.swift; path = SpeechRecognizerEvent.swift; sourceTree = "<group>"; };
		EA3EF18D298C0BF800DADE92 /* Animation.swift */ = {isa = PBXFileReference; lastKnownFileType = sourcecode.swift; path = Animation.swift; sourceTree = "<group>"; };
		EA3EF18F298C0C0400DADE92 /* loader.json */ = {isa = PBXFileReference; fileEncoding = 4; lastKnownFileType = text.json; path = loader.json; sourceTree = "<group>"; };
		EA3EF192298C0C2400DADE92 /* ProcessingModuleBuilder.swift */ = {isa = PBXFileReference; lastKnownFileType = sourcecode.swift; path = ProcessingModuleBuilder.swift; sourceTree = "<group>"; };
		EA3EF193298C0C2400DADE92 /* ProcessingViewController.swift */ = {isa = PBXFileReference; lastKnownFileType = sourcecode.swift; path = ProcessingViewController.swift; sourceTree = "<group>"; };
		EA3EF194298C0C2400DADE92 /* ProcessingView.swift */ = {isa = PBXFileReference; lastKnownFileType = sourcecode.swift; path = ProcessingView.swift; sourceTree = "<group>"; };
		EA3EF195298C0C2400DADE92 /* ProcessingViewModel.swift */ = {isa = PBXFileReference; lastKnownFileType = sourcecode.swift; path = ProcessingViewModel.swift; sourceTree = "<group>"; };
		EA3EF1A2298C10BA00DADE92 /* PreviewModuleBuilder.swift */ = {isa = PBXFileReference; lastKnownFileType = sourcecode.swift; path = PreviewModuleBuilder.swift; sourceTree = "<group>"; };
		EA3EF1A3298C10BA00DADE92 /* PreviewViewController.swift */ = {isa = PBXFileReference; lastKnownFileType = sourcecode.swift; path = PreviewViewController.swift; sourceTree = "<group>"; };
		EA3EF1A4298C10BA00DADE92 /* PreviewView.swift */ = {isa = PBXFileReference; lastKnownFileType = sourcecode.swift; path = PreviewView.swift; sourceTree = "<group>"; };
		EA3EF1A5298C10BA00DADE92 /* PreviewViewModel.swift */ = {isa = PBXFileReference; lastKnownFileType = sourcecode.swift; path = PreviewViewModel.swift; sourceTree = "<group>"; };
		EA6C9BE1295EBDD4009B6755 /* CapturePosition.swift */ = {isa = PBXFileReference; lastKnownFileType = sourcecode.swift; path = CapturePosition.swift; sourceTree = "<group>"; };
		EA743F36295C147A00C488C4 /* iFoot3D.app */ = {isa = PBXFileReference; explicitFileType = wrapper.application; includeInIndex = 0; path = iFoot3D.app; sourceTree = BUILT_PRODUCTS_DIR; };
		EA743F39295C147A00C488C4 /* AppDelegate.swift */ = {isa = PBXFileReference; lastKnownFileType = sourcecode.swift; path = AppDelegate.swift; sourceTree = "<group>"; };
		EA743F3B295C147A00C488C4 /* SceneDelegate.swift */ = {isa = PBXFileReference; lastKnownFileType = sourcecode.swift; path = SceneDelegate.swift; sourceTree = "<group>"; };
		EA743F42295C147C00C488C4 /* Assets.xcassets */ = {isa = PBXFileReference; lastKnownFileType = folder.assetcatalog; path = Assets.xcassets; sourceTree = "<group>"; };
		EA743F45295C147C00C488C4 /* Base */ = {isa = PBXFileReference; lastKnownFileType = file.storyboard; name = Base; path = Base.lproj/LaunchScreen.storyboard; sourceTree = "<group>"; };
		EA743F47295C147C00C488C4 /* Info.plist */ = {isa = PBXFileReference; lastKnownFileType = text.plist.xml; path = Info.plist; sourceTree = "<group>"; };
		EA743F58295C2BAC00C488C4 /* FuturaBold.ttf */ = {isa = PBXFileReference; lastKnownFileType = file; path = FuturaBold.ttf; sourceTree = "<group>"; };
		EA743F5D295C2BF500C488C4 /* Font.swift */ = {isa = PBXFileReference; lastKnownFileType = sourcecode.swift; path = Font.swift; sourceTree = "<group>"; };
		EA743F61295C2C8800C488C4 /* SF-Pro-Text-Medium.otf */ = {isa = PBXFileReference; lastKnownFileType = file; path = "SF-Pro-Text-Medium.otf"; sourceTree = "<group>"; };
		EA743F62295C2C8800C488C4 /* SF-Pro-Text-Regular.otf */ = {isa = PBXFileReference; lastKnownFileType = file; path = "SF-Pro-Text-Regular.otf"; sourceTree = "<group>"; };
		EA743F63295C2C8800C488C4 /* SF-Pro-Text-Bold.otf */ = {isa = PBXFileReference; lastKnownFileType = file; path = "SF-Pro-Text-Bold.otf"; sourceTree = "<group>"; };
		EA743F64295C2C8800C488C4 /* SF-Pro-Text-Thin.otf */ = {isa = PBXFileReference; lastKnownFileType = file; path = "SF-Pro-Text-Thin.otf"; sourceTree = "<group>"; };
		EA743F6A295C2E2E00C488C4 /* AppContainer.swift */ = {isa = PBXFileReference; lastKnownFileType = sourcecode.swift; path = AppContainer.swift; sourceTree = "<group>"; };
		EA743F6F295C2EB300C488C4 /* Coordinator.swift */ = {isa = PBXFileReference; lastKnownFileType = sourcecode.swift; path = Coordinator.swift; sourceTree = "<group>"; };
		EA743F74295C2FD400C488C4 /* UIViewController+ControllerForPresentation.swift */ = {isa = PBXFileReference; lastKnownFileType = sourcecode.swift; path = "UIViewController+ControllerForPresentation.swift"; sourceTree = "<group>"; };
		EA743F76295C305200C488C4 /* AppCoordinator.swift */ = {isa = PBXFileReference; lastKnownFileType = sourcecode.swift; path = AppCoordinator.swift; sourceTree = "<group>"; };
		EA743F7C295C32BD00C488C4 /* UIView+Constraints.swift */ = {isa = PBXFileReference; lastKnownFileType = sourcecode.swift; path = "UIView+Constraints.swift"; sourceTree = "<group>"; };
		EA743F87295C332400C488C4 /* Module.swift */ = {isa = PBXFileReference; lastKnownFileType = sourcecode.swift; path = Module.swift; sourceTree = "<group>"; };
		EA743F8B295C33AC00C488C4 /* BaseView.swift */ = {isa = PBXFileReference; lastKnownFileType = sourcecode.swift; path = BaseView.swift; sourceTree = "<group>"; };
		EA743F8D295C33FC00C488C4 /* BaseViewController.swift */ = {isa = PBXFileReference; lastKnownFileType = sourcecode.swift; path = BaseViewController.swift; sourceTree = "<group>"; };
		EA743F91295C345200C488C4 /* ViewModel.swift */ = {isa = PBXFileReference; lastKnownFileType = sourcecode.swift; path = ViewModel.swift; sourceTree = "<group>"; };
		EA743F93295C350F00C488C4 /* BaseViewModel.swift */ = {isa = PBXFileReference; lastKnownFileType = sourcecode.swift; path = BaseViewModel.swift; sourceTree = "<group>"; };
		EA743F97295C391A00C488C4 /* LogService.swift */ = {isa = PBXFileReference; lastKnownFileType = sourcecode.swift; path = LogService.swift; sourceTree = "<group>"; };
		EA743F9C295C397700C488C4 /* LogType.swift */ = {isa = PBXFileReference; lastKnownFileType = sourcecode.swift; path = LogType.swift; sourceTree = "<group>"; };
		EA743F9E295C39C800C488C4 /* LogModel.swift */ = {isa = PBXFileReference; lastKnownFileType = sourcecode.swift; path = LogModel.swift; sourceTree = "<group>"; };
		EA7512BF295C5A99006EE033 /* FootCaptureModuleBuilder.swift */ = {isa = PBXFileReference; lastKnownFileType = sourcecode.swift; path = FootCaptureModuleBuilder.swift; sourceTree = "<group>"; };
		EA7512C0295C5A99006EE033 /* FootCaptureViewController.swift */ = {isa = PBXFileReference; lastKnownFileType = sourcecode.swift; path = FootCaptureViewController.swift; sourceTree = "<group>"; };
		EA7512C1295C5A99006EE033 /* FootCaptureView.swift */ = {isa = PBXFileReference; lastKnownFileType = sourcecode.swift; path = FootCaptureView.swift; sourceTree = "<group>"; };
		EA7512C2295C5A99006EE033 /* FootCaptureViewModel.swift */ = {isa = PBXFileReference; lastKnownFileType = sourcecode.swift; path = FootCaptureViewModel.swift; sourceTree = "<group>"; };
		EA7512D2295CB6EF006EE033 /* ARSessionManager.swift */ = {isa = PBXFileReference; lastKnownFileType = sourcecode.swift; path = ARSessionManager.swift; sourceTree = "<group>"; };
		EA7512D5295CBACA006EE033 /* ARSessionManagerEvent.swift */ = {isa = PBXFileReference; lastKnownFileType = sourcecode.swift; path = ARSessionManagerEvent.swift; sourceTree = "<group>"; };
		EA7512DB295CCA65006EE033 /* Colors.swift */ = {isa = PBXFileReference; lastKnownFileType = sourcecode.swift; path = Colors.swift; sourceTree = "<group>"; };
		EAE43DAC296401F900405533 /* CaptureService.swift */ = {isa = PBXFileReference; lastKnownFileType = sourcecode.swift; path = CaptureService.swift; sourceTree = "<group>"; };
		EAE43DAF2964024100405533 /* CaptureServiceEvent.swift */ = {isa = PBXFileReference; lastKnownFileType = sourcecode.swift; path = CaptureServiceEvent.swift; sourceTree = "<group>"; };
		EAE43DB22964082E00405533 /* simd_float4x4+Position.swift */ = {isa = PBXFileReference; lastKnownFileType = sourcecode.swift; path = "simd_float4x4+Position.swift"; sourceTree = "<group>"; };
		EAE43DB52964394C00405533 /* CVPixelBuffer+Copy.swift */ = {isa = PBXFileReference; lastKnownFileType = sourcecode.swift; path = "CVPixelBuffer+Copy.swift"; sourceTree = "<group>"; };
		EAE43DB929643ACB00405533 /* CaptureOutput.swift */ = {isa = PBXFileReference; lastKnownFileType = sourcecode.swift; path = CaptureOutput.swift; sourceTree = "<group>"; };
		EAE43DBD29643E4100405533 /* CaptureOutputManagerEvent.swift */ = {isa = PBXFileReference; lastKnownFileType = sourcecode.swift; path = CaptureOutputManagerEvent.swift; sourceTree = "<group>"; };
		EAE43DBF29643E5100405533 /* CaptureOutputManager.swift */ = {isa = PBXFileReference; lastKnownFileType = sourcecode.swift; path = CaptureOutputManager.swift; sourceTree = "<group>"; };
		EAE43DC129643F7200405533 /* CaptureOutputSettings.swift */ = {isa = PBXFileReference; lastKnownFileType = sourcecode.swift; path = CaptureOutputSettings.swift; sourceTree = "<group>"; };
		EAE43DC6296441CA00405533 /* FileManager+FilePath.swift */ = {isa = PBXFileReference; lastKnownFileType = sourcecode.swift; path = "FileManager+FilePath.swift"; sourceTree = "<group>"; };
		EAE43DC82964423000405533 /* String+InitFromArray.swift */ = {isa = PBXFileReference; lastKnownFileType = sourcecode.swift; path = "String+InitFromArray.swift"; sourceTree = "<group>"; };
		EAE43DCB2964424F00405533 /* OutputConstants.swift */ = {isa = PBXFileReference; lastKnownFileType = sourcecode.swift; path = OutputConstants.swift; sourceTree = "<group>"; };
		EAE43DCD2964429800405533 /* Matrix+ToString.swift */ = {isa = PBXFileReference; lastKnownFileType = sourcecode.swift; path = "Matrix+ToString.swift"; sourceTree = "<group>"; };
		EAE43DCF2964439100405533 /* UIImage+Init.swift */ = {isa = PBXFileReference; lastKnownFileType = sourcecode.swift; path = "UIImage+Init.swift"; sourceTree = "<group>"; };
		EAE43DD1296443C600405533 /* CaptureProcessedOutput.swift */ = {isa = PBXFileReference; lastKnownFileType = sourcecode.swift; path = CaptureProcessedOutput.swift; sourceTree = "<group>"; };
		EAE43DD32964455C00405533 /* CaptureConstants.swift */ = {isa = PBXFileReference; lastKnownFileType = sourcecode.swift; path = CaptureConstants.swift; sourceTree = "<group>"; };
		EAE43DD629644A4000405533 /* SuccessModuleBuilder.swift */ = {isa = PBXFileReference; lastKnownFileType = sourcecode.swift; path = SuccessModuleBuilder.swift; sourceTree = "<group>"; };
		EAE43DD729644A4000405533 /* SuccessViewController.swift */ = {isa = PBXFileReference; lastKnownFileType = sourcecode.swift; path = SuccessViewController.swift; sourceTree = "<group>"; };
		EAE43DD829644A4000405533 /* SuccessView.swift */ = {isa = PBXFileReference; lastKnownFileType = sourcecode.swift; path = SuccessView.swift; sourceTree = "<group>"; };
		EAE43DD929644A4000405533 /* SuccessViewModel.swift */ = {isa = PBXFileReference; lastKnownFileType = sourcecode.swift; path = SuccessViewModel.swift; sourceTree = "<group>"; };
		EAE43DE229644D6200405533 /* ActivityViewController.swift */ = {isa = PBXFileReference; lastKnownFileType = sourcecode.swift; path = ActivityViewController.swift; sourceTree = "<group>"; };
		EAE43DE429644DA900405533 /* UIDevice+Model.swift */ = {isa = PBXFileReference; lastKnownFileType = sourcecode.swift; path = "UIDevice+Model.swift"; sourceTree = "<group>"; };
		EAE43DE729644E1100405533 /* OutputArray+GetFiles.swift */ = {isa = PBXFileReference; lastKnownFileType = sourcecode.swift; path = "OutputArray+GetFiles.swift"; sourceTree = "<group>"; };
		EAE5CF9529A49CE30053CB98 /* ReconstructionServiceWrapper.h */ = {isa = PBXFileReference; lastKnownFileType = sourcecode.c.h; path = ReconstructionServiceWrapper.h; sourceTree = "<group>"; };
		EAE5CF9629A49F910053CB98 /* ReconstructionServiceWrapper.mm */ = {isa = PBXFileReference; lastKnownFileType = sourcecode.cpp.objcpp; path = ReconstructionServiceWrapper.mm; sourceTree = "<group>"; };
		EAEE0C8A299E6DFB007D5BB2 /* iFoot3D-Bridging-Header.h */ = {isa = PBXFileReference; lastKnownFileType = sourcecode.c.h; path = "iFoot3D-Bridging-Header.h"; sourceTree = "<group>"; };
		EAEE0C8B299E6DFC007D5BB2 /* alignment.cpp */ = {isa = PBXFileReference; fileEncoding = 4; lastKnownFileType = sourcecode.cpp.cpp; name = alignment.cpp; path = Reconstruction/pipeline/alignment.cpp; sourceTree = SOURCE_ROOT; };
		EAEE0C8C299E6DFC007D5BB2 /* reconstruction.h */ = {isa = PBXFileReference; fileEncoding = 4; lastKnownFileType = sourcecode.c.h; name = reconstruction.h; path = Reconstruction/pipeline/reconstruction.h; sourceTree = SOURCE_ROOT; };
		EAEE0C8D299E6DFD007D5BB2 /* CMakeLists.txt */ = {isa = PBXFileReference; fileEncoding = 4; lastKnownFileType = text; name = CMakeLists.txt; path = Reconstruction/pipeline/CMakeLists.txt; sourceTree = SOURCE_ROOT; };
		EAEE0C8E299E6DFD007D5BB2 /* floor.h */ = {isa = PBXFileReference; fileEncoding = 4; lastKnownFileType = sourcecode.c.h; name = floor.h; path = Reconstruction/pipeline/floor.h; sourceTree = SOURCE_ROOT; };
		EAEE0C8F299E6DFE007D5BB2 /* reconstruction.cpp */ = {isa = PBXFileReference; fileEncoding = 4; lastKnownFileType = sourcecode.cpp.cpp; name = reconstruction.cpp; path = Reconstruction/pipeline/reconstruction.cpp; sourceTree = SOURCE_ROOT; };
		EAEE0C90299E6DFE007D5BB2 /* stitching.h */ = {isa = PBXFileReference; fileEncoding = 4; lastKnownFileType = sourcecode.c.h; name = stitching.h; path = Reconstruction/pipeline/stitching.h; sourceTree = SOURCE_ROOT; };
		EAEE0C91299E6DFE007D5BB2 /* util.h */ = {isa = PBXFileReference; fileEncoding = 4; lastKnownFileType = sourcecode.c.h; name = util.h; path = Reconstruction/pipeline/util.h; sourceTree = SOURCE_ROOT; };
		EAEE0C92299E6DFE007D5BB2 /* alignment.h */ = {isa = PBXFileReference; fileEncoding = 4; lastKnownFileType = sourcecode.c.h; name = alignment.h; path = Reconstruction/pipeline/alignment.h; sourceTree = SOURCE_ROOT; };
		EAEE0C93299E6DFF007D5BB2 /* stitching.cpp */ = {isa = PBXFileReference; fileEncoding = 4; lastKnownFileType = sourcecode.cpp.cpp; name = stitching.cpp; path = Reconstruction/pipeline/stitching.cpp; sourceTree = SOURCE_ROOT; };
		EAEE0C94299E6DFF007D5BB2 /* postprocessing.h */ = {isa = PBXFileReference; fileEncoding = 4; lastKnownFileType = sourcecode.c.h; name = postprocessing.h; path = Reconstruction/pipeline/postprocessing.h; sourceTree = SOURCE_ROOT; };
		EAEE0C95299E6E00007D5BB2 /* postprocessing.cpp */ = {isa = PBXFileReference; fileEncoding = 4; lastKnownFileType = sourcecode.cpp.cpp; name = postprocessing.cpp; path = Reconstruction/pipeline/postprocessing.cpp; sourceTree = SOURCE_ROOT; };
		EAEE0C96299E6E00007D5BB2 /* util.cpp */ = {isa = PBXFileReference; fileEncoding = 4; lastKnownFileType = sourcecode.cpp.cpp; name = util.cpp; path = Reconstruction/pipeline/util.cpp; sourceTree = SOURCE_ROOT; };
		EAEE0C97299E6E00007D5BB2 /* segmentation.h */ = {isa = PBXFileReference; fileEncoding = 4; lastKnownFileType = sourcecode.c.h; name = segmentation.h; path = Reconstruction/pipeline/segmentation.h; sourceTree = SOURCE_ROOT; };
		EAEE0C98299E6E01007D5BB2 /* segmentation.cpp */ = {isa = PBXFileReference; fileEncoding = 4; lastKnownFileType = sourcecode.cpp.cpp; name = segmentation.cpp; path = Reconstruction/pipeline/segmentation.cpp; sourceTree = SOURCE_ROOT; };
		EAEE0C99299E6E01007D5BB2 /* floor.cpp */ = {isa = PBXFileReference; fileEncoding = 4; lastKnownFileType = sourcecode.cpp.cpp; name = floor.cpp; path = Reconstruction/pipeline/floor.cpp; sourceTree = SOURCE_ROOT; };
		EAEE0CA2299E6F27007D5BB2 /* io.h */ = {isa = PBXFileReference; fileEncoding = 4; lastKnownFileType = sourcecode.c.h; name = io.h; path = Reconstruction/pipeline/io.h; sourceTree = SOURCE_ROOT; };
		EAEE0CA3299E6F27007D5BB2 /* io.cpp */ = {isa = PBXFileReference; fileEncoding = 4; lastKnownFileType = sourcecode.cpp.cpp; name = io.cpp; path = Reconstruction/pipeline/io.cpp; sourceTree = SOURCE_ROOT; };
		EAF2434C295D9178000855C3 /* Images.swift */ = {isa = PBXFileReference; lastKnownFileType = sourcecode.swift; path = Images.swift; sourceTree = "<group>"; };
		EAF2434E295D92DA000855C3 /* FootNode.swift */ = {isa = PBXFileReference; lastKnownFileType = sourcecode.swift; path = FootNode.swift; sourceTree = "<group>"; };
		EAF24351295DA183000855C3 /* ARSCNView+WorldPosition.swift */ = {isa = PBXFileReference; lastKnownFileType = sourcecode.swift; path = "ARSCNView+WorldPosition.swift"; sourceTree = "<group>"; };
		EAF24353295DA19A000855C3 /* SCNVector3+Transform.swift */ = {isa = PBXFileReference; lastKnownFileType = sourcecode.swift; path = "SCNVector3+Transform.swift"; sourceTree = "<group>"; };
		EAF24356295DA921000855C3 /* ARSessionCombinedDelegate.swift */ = {isa = PBXFileReference; lastKnownFileType = sourcecode.swift; path = ARSessionCombinedDelegate.swift; sourceTree = "<group>"; };
		EAF24358295DD435000855C3 /* PhoneNode.swift */ = {isa = PBXFileReference; lastKnownFileType = sourcecode.swift; path = PhoneNode.swift; sourceTree = "<group>"; };
		EAF45DBF29A4B5590000F3EC /* ReconstructionService.swift */ = {isa = PBXFileReference; lastKnownFileType = sourcecode.swift; path = ReconstructionService.swift; sourceTree = "<group>"; };
		EAF45DC229A4B5980000F3EC /* ReconstructionServiceEvent.swift */ = {isa = PBXFileReference; lastKnownFileType = sourcecode.swift; path = ReconstructionServiceEvent.swift; sourceTree = "<group>"; };
/* End PBXFileReference section */

/* Begin PBXFrameworksBuildPhase section */
		EA743F33295C147A00C488C4 /* Frameworks */ = {
			isa = PBXFrameworksBuildPhase;
			buildActionMask = 2147483647;
			files = (
				EA2C90AC29A6245800C2C209 /* Zip in Frameworks */,
				EA7512D0295C6397006EE033 /* Toast in Frameworks */,
				EA743F55295C17C800C488C4 /* CombineCocoa in Frameworks */,
				EA3EF189298C0B7C00DADE92 /* Lottie in Frameworks */,
				EA1A53A9299E3C2300E5B193 /* Open3D-iOS in Frameworks */,
				EAEE0CA7299E6F93007D5BB2 /* OpenCV in Frameworks */,
			);
			runOnlyForDeploymentPostprocessing = 0;
		};
/* End PBXFrameworksBuildPhase section */

/* Begin PBXGroup section */
		EA2C90AD29A624DF00C2C209 /* Reconstruction */ = {
			isa = PBXGroup;
			children = (
				EA2C90AE29A624F300C2C209 /* ReconstructionInput.swift */,
			);
			path = Reconstruction;
			sourceTree = "<group>";
		};
		EA2C90B029A6478400C2C209 /* Object */ = {
			isa = PBXGroup;
			children = (
				EA2C90B129A6479500C2C209 /* foot.obj */,
			);
			path = Object;
			sourceTree = "<group>";
		};
		EA3D9D2D2967417600331FEA /* SoleCaptureScene */ = {
			isa = PBXGroup;
			children = (
				EA3D9D302967419C00331FEA /* SoleCaptureView.swift */,
				EA3D9D2F2967419C00331FEA /* SoleCaptureViewController.swift */,
				EA3D9D312967419C00331FEA /* SoleCaptureViewModel.swift */,
				EA3D9D2E2967419C00331FEA /* SoleCaptureModuleBuilder.swift */,
			);
			path = SoleCaptureScene;
			sourceTree = "<group>";
		};
		EA3D9D3629674DA400331FEA /* InstructionsScene */ = {
			isa = PBXGroup;
			children = (
				EA3D9D3929674DED00331FEA /* InstructionsView.swift */,
				EA3D9D3829674DED00331FEA /* InstructionsViewController.swift */,
				EA3D9D3A29674DED00331FEA /* InstructionsViewModel.swift */,
				EA3D9D3729674DED00331FEA /* InstructionsModuleBuilder.swift */,
			);
			path = InstructionsScene;
			sourceTree = "<group>";
		};
		EA3D9D422967530800331FEA /* Models */ = {
			isa = PBXGroup;
			children = (
				EA3D9D432967531B00331FEA /* Instruction */,
			);
			path = Models;
			sourceTree = "<group>";
		};
		EA3D9D432967531B00331FEA /* Instruction */ = {
			isa = PBXGroup;
			children = (
				EA3D9D442967532400331FEA /* Instruction.swift */,
			);
			path = Instruction;
			sourceTree = "<group>";
		};
		EA3D9D472967599E00331FEA /* CustomViews */ = {
			isa = PBXGroup;
			children = (
				EAE43DE129644D5D00405533 /* ActivityViewController */,
			);
			path = CustomViews;
			sourceTree = "<group>";
		};
		EA3D9D48296759B000331FEA /* CollectionViewCells */ = {
			isa = PBXGroup;
			children = (
				EA3D9D4E29675A7D00331FEA /* InstructionCollectionViewCell */,
			);
			path = CollectionViewCells;
			sourceTree = "<group>";
		};
		EA3D9D4E29675A7D00331FEA /* InstructionCollectionViewCell */ = {
			isa = PBXGroup;
			children = (
				EA3D9D4F29675AA600331FEA /* InstructionCollectionViewCell.swift */,
			);
			path = InstructionCollectionViewCell;
			sourceTree = "<group>";
		};
		EA3D9D522967FC9000331FEA /* SpeechRecognizer */ = {
			isa = PBXGroup;
			children = (
				EA3D9D552967FCF200331FEA /* Event */,
				EA3D9D532967FCA800331FEA /* SpeechRecognizer.swift */,
			);
			path = SpeechRecognizer;
			sourceTree = "<group>";
		};
		EA3D9D552967FCF200331FEA /* Event */ = {
			isa = PBXGroup;
			children = (
				EA3D9D562967FD3000331FEA /* SpeechRecognizerEvent.swift */,
			);
			path = Event;
			sourceTree = "<group>";
		};
		EA3EF18A298C0BD800DADE92 /* Animations */ = {
			isa = PBXGroup;
			children = (
				EA3EF18C298C0BE400DADE92 /* Helpers */,
				EA3EF18B298C0BDF00DADE92 /* Sources */,
			);
			path = Animations;
			sourceTree = "<group>";
		};
		EA3EF18B298C0BDF00DADE92 /* Sources */ = {
			isa = PBXGroup;
			children = (
				EA3EF18F298C0C0400DADE92 /* loader.json */,
			);
			path = Sources;
			sourceTree = "<group>";
		};
		EA3EF18C298C0BE400DADE92 /* Helpers */ = {
			isa = PBXGroup;
			children = (
				EA3EF18D298C0BF800DADE92 /* Animation.swift */,
			);
			path = Helpers;
			sourceTree = "<group>";
		};
		EA3EF191298C0C1200DADE92 /* ProcessingScene */ = {
			isa = PBXGroup;
			children = (
				EA3EF194298C0C2400DADE92 /* ProcessingView.swift */,
				EA3EF193298C0C2400DADE92 /* ProcessingViewController.swift */,
				EA3EF195298C0C2400DADE92 /* ProcessingViewModel.swift */,
				EA3EF192298C0C2400DADE92 /* ProcessingModuleBuilder.swift */,
			);
			path = ProcessingScene;
			sourceTree = "<group>";
		};
		EA3EF1A1298C10A800DADE92 /* PreviewScene */ = {
			isa = PBXGroup;
			children = (
				EA3EF1A4298C10BA00DADE92 /* PreviewView.swift */,
				EA3EF1A3298C10BA00DADE92 /* PreviewViewController.swift */,
				EA3EF1A5298C10BA00DADE92 /* PreviewViewModel.swift */,
				EA3EF1A2298C10BA00DADE92 /* PreviewModuleBuilder.swift */,
			);
			path = PreviewScene;
			sourceTree = "<group>";
		};
		EA6C9BDA295EBC93009B6755 /* FootNode */ = {
			isa = PBXGroup;
			children = (
				EAF2434E295D92DA000855C3 /* FootNode.swift */,
			);
			path = FootNode;
			sourceTree = "<group>";
		};
		EA6C9BDB295EBC9C009B6755 /* PhoneNode */ = {
			isa = PBXGroup;
			children = (
				EAF24358295DD435000855C3 /* PhoneNode.swift */,
			);
			path = PhoneNode;
			sourceTree = "<group>";
		};
		EA6C9BE0295EBDC8009B6755 /* AR */ = {
			isa = PBXGroup;
			children = (
				EA6C9BE1295EBDD4009B6755 /* CapturePosition.swift */,
			);
			path = AR;
			sourceTree = "<group>";
		};
		EA743F2D295C147A00C488C4 = {
			isa = PBXGroup;
			children = (
				EA743F38295C147A00C488C4 /* iFoot3D */,
				EA743F37295C147A00C488C4 /* Products */,
			);
			sourceTree = "<group>";
		};
		EA743F37295C147A00C488C4 /* Products */ = {
			isa = PBXGroup;
			children = (
				EA743F36295C147A00C488C4 /* iFoot3D.app */,
			);
			name = Products;
			sourceTree = "<group>";
		};
		EA743F38295C147A00C488C4 /* iFoot3D */ = {
			isa = PBXGroup;
			children = (
				EA743F4D295C14AF00C488C4 /* Application */,
				EA743F9A295C393B00C488C4 /* BusinessLogic */,
				EA743F6C295C2E9300C488C4 /* Core */,
				EA743F79295C326600C488C4 /* CoreUI */,
				EA743F51295C159300C488C4 /* Environment */,
				EA743F52295C15F100C488C4 /* Presentation */,
				EA743F4E295C157300C488C4 /* Resources */,
			);
			path = iFoot3D;
			sourceTree = "<group>";
		};
		EA743F4D295C14AF00C488C4 /* Application */ = {
			isa = PBXGroup;
			children = (
				EA743F39295C147A00C488C4 /* AppDelegate.swift */,
				EA743F6A295C2E2E00C488C4 /* AppContainer.swift */,
				EA743F76295C305200C488C4 /* AppCoordinator.swift */,
				EA743F3B295C147A00C488C4 /* SceneDelegate.swift */,
			);
			path = Application;
			sourceTree = "<group>";
		};
		EA743F4E295C157300C488C4 /* Resources */ = {
			isa = PBXGroup;
			children = (
				EA3EF18A298C0BD800DADE92 /* Animations */,
				EA743F50295C158A00C488C4 /* Assets */,
				EA7512DA295CCA4F006EE033 /* Colors */,
				EA743F56295C2B8700C488C4 /* Fonts */,
				EAF2434B295D9166000855C3 /* Images */,
				EA2C90B029A6478400C2C209 /* Object */,
				EA743F4F295C157900C488C4 /* Storyboards */,
			);
			path = Resources;
			sourceTree = "<group>";
		};
		EA743F4F295C157900C488C4 /* Storyboards */ = {
			isa = PBXGroup;
			children = (
				EA743F44295C147C00C488C4 /* LaunchScreen.storyboard */,
			);
			path = Storyboards;
			sourceTree = "<group>";
		};
		EA743F50295C158A00C488C4 /* Assets */ = {
			isa = PBXGroup;
			children = (
				EA743F42295C147C00C488C4 /* Assets.xcassets */,
			);
			path = Assets;
			sourceTree = "<group>";
		};
		EA743F51295C159300C488C4 /* Environment */ = {
			isa = PBXGroup;
			children = (
				EA743F47295C147C00C488C4 /* Info.plist */,
			);
			path = Environment;
			sourceTree = "<group>";
		};
		EA743F52295C15F100C488C4 /* Presentation */ = {
			isa = PBXGroup;
			children = (
				EA7512BE295C5A84006EE033 /* FootCaptureScene */,
				EA3D9D3629674DA400331FEA /* InstructionsScene */,
				EA3D9D2D2967417600331FEA /* SoleCaptureScene */,
				EA3EF191298C0C1200DADE92 /* ProcessingScene */,
				EA3EF1A1298C10A800DADE92 /* PreviewScene */,
				EAE43DD529644A3300405533 /* SuccessScene */,
			);
			path = Presentation;
			sourceTree = "<group>";
		};
		EA743F56295C2B8700C488C4 /* Fonts */ = {
			isa = PBXGroup;
			children = (
				EA743F5C295C2BEE00C488C4 /* Font */,
				EA743F57295C2B9D00C488C4 /* Futura */,
				EA743F5F295C2C7C00C488C4 /* SFProText */,
			);
			path = Fonts;
			sourceTree = "<group>";
		};
		EA743F57295C2B9D00C488C4 /* Futura */ = {
			isa = PBXGroup;
			children = (
				EA743F58295C2BAC00C488C4 /* FuturaBold.ttf */,
			);
			path = Futura;
			sourceTree = "<group>";
		};
		EA743F5C295C2BEE00C488C4 /* Font */ = {
			isa = PBXGroup;
			children = (
				EA743F5D295C2BF500C488C4 /* Font.swift */,
			);
			path = Font;
			sourceTree = "<group>";
		};
		EA743F5F295C2C7C00C488C4 /* SFProText */ = {
			isa = PBXGroup;
			children = (
				EA743F63295C2C8800C488C4 /* SF-Pro-Text-Bold.otf */,
				EA743F61295C2C8800C488C4 /* SF-Pro-Text-Medium.otf */,
				EA743F62295C2C8800C488C4 /* SF-Pro-Text-Regular.otf */,
				EA743F64295C2C8800C488C4 /* SF-Pro-Text-Thin.otf */,
			);
			path = SFProText;
			sourceTree = "<group>";
		};
		EA743F6C295C2E9300C488C4 /* Core */ = {
			isa = PBXGroup;
			children = (
				EAE43DCA2964424000405533 /* Constants */,
				EA743F71295C2F6F00C488C4 /* Extensions */,
				EA743F6D295C2E9B00C488C4 /* Protocols */,
			);
			path = Core;
			sourceTree = "<group>";
		};
		EA743F6D295C2E9B00C488C4 /* Protocols */ = {
			isa = PBXGroup;
			children = (
				EA743F6E295C2EAA00C488C4 /* Coordinator */,
			);
			path = Protocols;
			sourceTree = "<group>";
		};
		EA743F6E295C2EAA00C488C4 /* Coordinator */ = {
			isa = PBXGroup;
			children = (
				EA743F6F295C2EB300C488C4 /* Coordinator.swift */,
			);
			path = Coordinator;
			sourceTree = "<group>";
		};
		EA743F71295C2F6F00C488C4 /* Extensions */ = {
			isa = PBXGroup;
			children = (
				EAE43DB12964080600405533 /* ARKit */,
				EAE43DE629644E0300405533 /* Custom */,
				EAE43DB42964393F00405533 /* UIKit */,
				EAE43DC5296441BD00405533 /* Foundation */,
			);
			path = Extensions;
			sourceTree = "<group>";
		};
		EA743F72295C2F7900C488C4 /* UIKit */ = {
			isa = PBXGroup;
			children = (
				EA3D9D4C29675A4500331FEA /* UICollectionView+Cells.swift */,
				EA743F7C295C32BD00C488C4 /* UIView+Constraints.swift */,
				EA743F74295C2FD400C488C4 /* UIViewController+ControllerForPresentation.swift */,
			);
			path = UIKit;
			sourceTree = "<group>";
		};
		EA743F79295C326600C488C4 /* CoreUI */ = {
			isa = PBXGroup;
			children = (
				EA743F8A295C338100C488C4 /* Base */,
				EA7512C7295C5E06006EE033 /* Components */,
				EA743F7A295C327200C488C4 /* Extensions */,
				EA3D9D422967530800331FEA /* Models */,
				EAF2434A295D879A000855C3 /* Nodes */,
				EA743F8F295C342100C488C4 /* Protocols */,
			);
			path = CoreUI;
			sourceTree = "<group>";
		};
		EA743F7A295C327200C488C4 /* Extensions */ = {
			isa = PBXGroup;
			children = (
				EAF24350295DA175000855C3 /* ARKit */,
				EA743F72295C2F7900C488C4 /* UIKit */,
			);
			path = Extensions;
			sourceTree = "<group>";
		};
		EA743F8A295C338100C488C4 /* Base */ = {
			isa = PBXGroup;
			children = (
				EA743F8B295C33AC00C488C4 /* BaseView.swift */,
				EA743F93295C350F00C488C4 /* BaseViewModel.swift */,
				EA743F8D295C33FC00C488C4 /* BaseViewController.swift */,
				EA743F87295C332400C488C4 /* Module.swift */,
			);
			path = Base;
			sourceTree = "<group>";
		};
		EA743F8F295C342100C488C4 /* Protocols */ = {
			isa = PBXGroup;
			children = (
				EA3D9D4A296759DE00331FEA /* ReusableCell.swift */,
				EA743F91295C345200C488C4 /* ViewModel.swift */,
			);
			path = Protocols;
			sourceTree = "<group>";
		};
		EA743F95295C38E400C488C4 /* Services */ = {
			isa = PBXGroup;
			children = (
				EA7512D7295CC9B3006EE033 /* AR */,
				EAE43DB729643AA400405533 /* Capture */,
				EA743F96295C390E00C488C4 /* Log */,
				EAEE0C85299E4B7E007D5BB2 /* Reconstruction */,
			);
			path = Services;
			sourceTree = "<group>";
		};
		EA743F96295C390E00C488C4 /* Log */ = {
			isa = PBXGroup;
			children = (
				EAE43DAA296401CA00405533 /* LogService */,
			);
			path = Log;
			sourceTree = "<group>";
		};
		EA743F99295C393400C488C4 /* Models */ = {
			isa = PBXGroup;
			children = (
				EA6C9BE0295EBDC8009B6755 /* AR */,
				EAE43DB829643AB100405533 /* Capture */,
				EA743F9B295C397000C488C4 /* Log */,
				EA2C90AD29A624DF00C2C209 /* Reconstruction */,
			);
			path = Models;
			sourceTree = "<group>";
		};
		EA743F9A295C393B00C488C4 /* BusinessLogic */ = {
			isa = PBXGroup;
			children = (
				EAEE0C87299E4BB4007D5BB2 /* Bridging */,
				EA743F99295C393400C488C4 /* Models */,
				EA743F95295C38E400C488C4 /* Services */,
			);
			path = BusinessLogic;
			sourceTree = "<group>";
		};
		EA743F9B295C397000C488C4 /* Log */ = {
			isa = PBXGroup;
			children = (
				EA743F9C295C397700C488C4 /* LogType.swift */,
				EA743F9E295C39C800C488C4 /* LogModel.swift */,
			);
			path = Log;
			sourceTree = "<group>";
		};
		EA7512BE295C5A84006EE033 /* FootCaptureScene */ = {
			isa = PBXGroup;
			children = (
				EA7512C1295C5A99006EE033 /* FootCaptureView.swift */,
				EA7512C0295C5A99006EE033 /* FootCaptureViewController.swift */,
				EA7512C2295C5A99006EE033 /* FootCaptureViewModel.swift */,
				EA7512BF295C5A99006EE033 /* FootCaptureModuleBuilder.swift */,
			);
			path = FootCaptureScene;
			sourceTree = "<group>";
		};
		EA7512C7295C5E06006EE033 /* Components */ = {
			isa = PBXGroup;
			children = (
				EA3D9D48296759B000331FEA /* CollectionViewCells */,
				EA3D9D472967599E00331FEA /* CustomViews */,
			);
			path = Components;
			sourceTree = "<group>";
		};
		EA7512D1295CB6D1006EE033 /* ARSessionManager */ = {
			isa = PBXGroup;
			children = (
				EAF24355295DA919000855C3 /* Delegate */,
				EA7512D4295CBAB8006EE033 /* Event */,
				EA7512D2295CB6EF006EE033 /* ARSessionManager.swift */,
			);
			path = ARSessionManager;
			sourceTree = "<group>";
		};
		EA7512D4295CBAB8006EE033 /* Event */ = {
			isa = PBXGroup;
			children = (
				EA7512D5295CBACA006EE033 /* ARSessionManagerEvent.swift */,
			);
			path = Event;
			sourceTree = "<group>";
		};
		EA7512D7295CC9B3006EE033 /* AR */ = {
			isa = PBXGroup;
			children = (
				EA7512D1295CB6D1006EE033 /* ARSessionManager */,
			);
			path = AR;
			sourceTree = "<group>";
		};
		EA7512DA295CCA4F006EE033 /* Colors */ = {
			isa = PBXGroup;
			children = (
				EA7512DB295CCA65006EE033 /* Colors.swift */,
			);
			path = Colors;
			sourceTree = "<group>";
		};
		EAE43DAA296401CA00405533 /* LogService */ = {
			isa = PBXGroup;
			children = (
				EA743F97295C391A00C488C4 /* LogService.swift */,
			);
			path = LogService;
			sourceTree = "<group>";
		};
		EAE43DAB296401E200405533 /* CaptureService */ = {
			isa = PBXGroup;
			children = (
				EAE43DAE2964023200405533 /* Event */,
				EAE43DAC296401F900405533 /* CaptureService.swift */,
			);
			path = CaptureService;
			sourceTree = "<group>";
		};
		EAE43DAE2964023200405533 /* Event */ = {
			isa = PBXGroup;
			children = (
				EAE43DAF2964024100405533 /* CaptureServiceEvent.swift */,
			);
			path = Event;
			sourceTree = "<group>";
		};
		EAE43DB12964080600405533 /* ARKit */ = {
			isa = PBXGroup;
			children = (
				EAE43DB22964082E00405533 /* simd_float4x4+Position.swift */,
				EAE43DCD2964429800405533 /* Matrix+ToString.swift */,
			);
			path = ARKit;
			sourceTree = "<group>";
		};
		EAE43DB42964393F00405533 /* UIKit */ = {
			isa = PBXGroup;
			children = (
				EAE43DB52964394C00405533 /* CVPixelBuffer+Copy.swift */,
				EAE43DE429644DA900405533 /* UIDevice+Model.swift */,
				EAE43DCF2964439100405533 /* UIImage+Init.swift */,
			);
			path = UIKit;
			sourceTree = "<group>";
		};
		EAE43DB729643AA400405533 /* Capture */ = {
			isa = PBXGroup;
			children = (
				EAE43DBB29643DB400405533 /* CaptureOutputManager */,
				EAE43DAB296401E200405533 /* CaptureService */,
				EA3D9D522967FC9000331FEA /* SpeechRecognizer */,
			);
			path = Capture;
			sourceTree = "<group>";
		};
		EAE43DB829643AB100405533 /* Capture */ = {
			isa = PBXGroup;
			children = (
				EAE43DB929643ACB00405533 /* CaptureOutput.swift */,
				EAE43DC129643F7200405533 /* CaptureOutputSettings.swift */,
				EAE43DD1296443C600405533 /* CaptureProcessedOutput.swift */,
			);
			path = Capture;
			sourceTree = "<group>";
		};
		EAE43DBB29643DB400405533 /* CaptureOutputManager */ = {
			isa = PBXGroup;
			children = (
				EAE43DBC29643E0700405533 /* Event */,
				EAE43DBF29643E5100405533 /* CaptureOutputManager.swift */,
			);
			path = CaptureOutputManager;
			sourceTree = "<group>";
		};
		EAE43DBC29643E0700405533 /* Event */ = {
			isa = PBXGroup;
			children = (
				EAE43DBD29643E4100405533 /* CaptureOutputManagerEvent.swift */,
			);
			path = Event;
			sourceTree = "<group>";
		};
		EAE43DC5296441BD00405533 /* Foundation */ = {
			isa = PBXGroup;
			children = (
				EAE43DC6296441CA00405533 /* FileManager+FilePath.swift */,
				EAE43DC82964423000405533 /* String+InitFromArray.swift */,
			);
			path = Foundation;
			sourceTree = "<group>";
		};
		EAE43DCA2964424000405533 /* Constants */ = {
			isa = PBXGroup;
			children = (
				EAE43DD32964455C00405533 /* CaptureConstants.swift */,
				EAE43DCB2964424F00405533 /* OutputConstants.swift */,
				EA24D4D129A4BF37002979D0 /* ProcessingConstants.swift */,
			);
			path = Constants;
			sourceTree = "<group>";
		};
		EAE43DD529644A3300405533 /* SuccessScene */ = {
			isa = PBXGroup;
			children = (
				EAE43DD829644A4000405533 /* SuccessView.swift */,
				EAE43DD729644A4000405533 /* SuccessViewController.swift */,
				EAE43DD929644A4000405533 /* SuccessViewModel.swift */,
				EAE43DD629644A4000405533 /* SuccessModuleBuilder.swift */,
			);
			path = SuccessScene;
			sourceTree = "<group>";
		};
		EAE43DE129644D5D00405533 /* ActivityViewController */ = {
			isa = PBXGroup;
			children = (
				EAE43DE229644D6200405533 /* ActivityViewController.swift */,
			);
			path = ActivityViewController;
			sourceTree = "<group>";
		};
		EAE43DE629644E0300405533 /* Custom */ = {
			isa = PBXGroup;
			children = (
				EAE43DE729644E1100405533 /* OutputArray+GetFiles.swift */,
			);
			path = Custom;
			sourceTree = "<group>";
		};
		EAE5CF9329A49C990053CB98 /* ObjectiveC */ = {
			isa = PBXGroup;
			children = (
				EAE5CF9529A49CE30053CB98 /* ReconstructionServiceWrapper.h */,
				EAE5CF9629A49F910053CB98 /* ReconstructionServiceWrapper.mm */,
			);
			path = ObjectiveC;
			sourceTree = "<group>";
		};
		EAE5CF9429A49CA20053CB98 /* Service */ = {
			isa = PBXGroup;
			children = (
				EAF45DC129A4B5750000F3EC /* Event */,
				EAF45DBF29A4B5590000F3EC /* ReconstructionService.swift */,
			);
			path = Service;
			sourceTree = "<group>";
		};
		EAEE0C85299E4B7E007D5BB2 /* Reconstruction */ = {
			isa = PBXGroup;
			children = (
				EAEE0C86299E4B91007D5BB2 /* ReconstructionService */,
			);
			path = Reconstruction;
			sourceTree = "<group>";
		};
		EAEE0C86299E4B91007D5BB2 /* ReconstructionService */ = {
			isa = PBXGroup;
			children = (
				EAEE0C88299E4BBF007D5BB2 /* Sources */,
				EAEE0C89299E4BC4007D5BB2 /* Wrapper */,
			);
			path = ReconstructionService;
			sourceTree = "<group>";
		};
		EAEE0C87299E4BB4007D5BB2 /* Bridging */ = {
			isa = PBXGroup;
			children = (
				EAEE0C8A299E6DFB007D5BB2 /* iFoot3D-Bridging-Header.h */,
			);
			path = Bridging;
			sourceTree = "<group>";
		};
		EAEE0C88299E4BBF007D5BB2 /* Sources */ = {
			isa = PBXGroup;
			children = (
				EAEE0CA3299E6F27007D5BB2 /* io.cpp */,
				EAEE0CA2299E6F27007D5BB2 /* io.h */,
				EAEE0C8B299E6DFC007D5BB2 /* alignment.cpp */,
				EAEE0C92299E6DFE007D5BB2 /* alignment.h */,
				EAEE0C8D299E6DFD007D5BB2 /* CMakeLists.txt */,
				EAEE0C99299E6E01007D5BB2 /* floor.cpp */,
				EAEE0C8E299E6DFD007D5BB2 /* floor.h */,
				EAEE0C95299E6E00007D5BB2 /* postprocessing.cpp */,
				EAEE0C94299E6DFF007D5BB2 /* postprocessing.h */,
				EAEE0C8F299E6DFE007D5BB2 /* reconstruction.cpp */,
				EAEE0C8C299E6DFC007D5BB2 /* reconstruction.h */,
				EAEE0C98299E6E01007D5BB2 /* segmentation.cpp */,
				EAEE0C97299E6E00007D5BB2 /* segmentation.h */,
				EAEE0C93299E6DFF007D5BB2 /* stitching.cpp */,
				EAEE0C90299E6DFE007D5BB2 /* stitching.h */,
				EAEE0C96299E6E00007D5BB2 /* util.cpp */,
				EAEE0C91299E6DFE007D5BB2 /* util.h */,
			);
			path = Sources;
			sourceTree = "<group>";
		};
		EAEE0C89299E4BC4007D5BB2 /* Wrapper */ = {
			isa = PBXGroup;
			children = (
				EAE5CF9329A49C990053CB98 /* ObjectiveC */,
				EAE5CF9429A49CA20053CB98 /* Service */,
			);
			path = Wrapper;
			sourceTree = "<group>";
		};
		EAF2434A295D879A000855C3 /* Nodes */ = {
			isa = PBXGroup;
			children = (
				EA6C9BDA295EBC93009B6755 /* FootNode */,
				EA6C9BDB295EBC9C009B6755 /* PhoneNode */,
			);
			path = Nodes;
			sourceTree = "<group>";
		};
		EAF2434B295D9166000855C3 /* Images */ = {
			isa = PBXGroup;
			children = (
				EAF2434C295D9178000855C3 /* Images.swift */,
			);
			path = Images;
			sourceTree = "<group>";
		};
		EAF24350295DA175000855C3 /* ARKit */ = {
			isa = PBXGroup;
			children = (
				EAF24351295DA183000855C3 /* ARSCNView+WorldPosition.swift */,
				EAF24353295DA19A000855C3 /* SCNVector3+Transform.swift */,
			);
			path = ARKit;
			sourceTree = "<group>";
		};
		EAF24355295DA919000855C3 /* Delegate */ = {
			isa = PBXGroup;
			children = (
				EAF24356295DA921000855C3 /* ARSessionCombinedDelegate.swift */,
			);
			path = Delegate;
			sourceTree = "<group>";
		};
		EAF45DC129A4B5750000F3EC /* Event */ = {
			isa = PBXGroup;
			children = (
				EAF45DC229A4B5980000F3EC /* ReconstructionServiceEvent.swift */,
			);
			path = Event;
			sourceTree = "<group>";
		};
/* End PBXGroup section */

/* Begin PBXNativeTarget section */
		EA743F35295C147A00C488C4 /* iFoot3D */ = {
			isa = PBXNativeTarget;
			buildConfigurationList = EA743F4A295C147C00C488C4 /* Build configuration list for PBXNativeTarget "iFoot3D" */;
			buildPhases = (
				EA743F32295C147A00C488C4 /* Sources */,
				EA743F33295C147A00C488C4 /* Frameworks */,
				EA743F34295C147A00C488C4 /* Resources */,
			);
			buildRules = (
			);
			dependencies = (
			);
			name = iFoot3D;
			packageProductDependencies = (
				EA743F54295C17C800C488C4 /* CombineCocoa */,
				EA7512CF295C6397006EE033 /* Toast */,
				EA3EF188298C0B7C00DADE92 /* Lottie */,
				EA1A53A8299E3C2300E5B193 /* Open3D-iOS */,
				EAEE0CA6299E6F93007D5BB2 /* OpenCV */,
				EA2C90AB29A6245800C2C209 /* Zip */,
			);
			productName = iFoot3D;
			productReference = EA743F36295C147A00C488C4 /* iFoot3D.app */;
			productType = "com.apple.product-type.application";
		};
/* End PBXNativeTarget section */

/* Begin PBXProject section */
		EA743F2E295C147A00C488C4 /* Project object */ = {
			isa = PBXProject;
			attributes = {
				BuildIndependentTargetsInParallel = 1;
				LastSwiftUpdateCheck = 1400;
				LastUpgradeCheck = 1400;
				TargetAttributes = {
					EA743F35295C147A00C488C4 = {
						CreatedOnToolsVersion = 14.0.1;
						LastSwiftMigration = 1400;
					};
				};
			};
			buildConfigurationList = EA743F31295C147A00C488C4 /* Build configuration list for PBXProject "iFoot3D" */;
			compatibilityVersion = "Xcode 14.0";
			developmentRegion = en;
			hasScannedForEncodings = 0;
			knownRegions = (
				en,
				Base,
			);
			mainGroup = EA743F2D295C147A00C488C4;
			packageReferences = (
				EA743F53295C17C800C488C4 /* XCRemoteSwiftPackageReference "CombineCocoa" */,
				EA7512CE295C6397006EE033 /* XCRemoteSwiftPackageReference "Toast-Swift" */,
				EA3EF187298C0B7C00DADE92 /* XCRemoteSwiftPackageReference "lottie-ios" */,
				EA1A53A7299E3C2300E5B193 /* XCRemoteSwiftPackageReference "Open3D-iOS" */,
				EAEE0CA5299E6F93007D5BB2 /* XCRemoteSwiftPackageReference "lfa_opencv" */,
				EA2C90AA29A6245800C2C209 /* XCRemoteSwiftPackageReference "Zip" */,
			);
			productRefGroup = EA743F37295C147A00C488C4 /* Products */;
			projectDirPath = "";
			projectRoot = "";
			targets = (
				EA743F35295C147A00C488C4 /* iFoot3D */,
			);
		};
/* End PBXProject section */

/* Begin PBXResourcesBuildPhase section */
		EA743F34295C147A00C488C4 /* Resources */ = {
			isa = PBXResourcesBuildPhase;
			buildActionMask = 2147483647;
			files = (
				EA743F46295C147C00C488C4 /* LaunchScreen.storyboard in Resources */,
				EA2C90B229A6479500C2C209 /* foot.obj in Resources */,
				EA743F43295C147C00C488C4 /* Assets.xcassets in Resources */,
				EA743F59295C2BAC00C488C4 /* FuturaBold.ttf in Resources */,
				EA3EF190298C0C0400DADE92 /* loader.json in Resources */,
				EAEE0C9B299E6E01007D5BB2 /* CMakeLists.txt in Resources */,
				EA743F66295C2C8800C488C4 /* SF-Pro-Text-Medium.otf in Resources */,
				EA743F69295C2C8800C488C4 /* SF-Pro-Text-Thin.otf in Resources */,
				EA743F67295C2C8800C488C4 /* SF-Pro-Text-Regular.otf in Resources */,
				EA743F68295C2C8800C488C4 /* SF-Pro-Text-Bold.otf in Resources */,
			);
			runOnlyForDeploymentPostprocessing = 0;
		};
/* End PBXResourcesBuildPhase section */

/* Begin PBXSourcesBuildPhase section */
		EA743F32295C147A00C488C4 /* Sources */ = {
			isa = PBXSourcesBuildPhase;
			buildActionMask = 2147483647;
			files = (
				EAEE0CA4299E6F27007D5BB2 /* io.cpp in Sources */,
				EAE43DC7296441CA00405533 /* FileManager+FilePath.swift in Sources */,
				EAEE0C9A299E6E01007D5BB2 /* alignment.cpp in Sources */,
				EAE5CF9729A49F910053CB98 /* ReconstructionServiceWrapper.mm in Sources */,
				EA3D9D3D29674DED00331FEA /* InstructionsView.swift in Sources */,
				EA7512C3295C5A99006EE033 /* FootCaptureModuleBuilder.swift in Sources */,
				EAE43DBA29643ACB00405533 /* CaptureOutput.swift in Sources */,
				EA7512DC295CCA65006EE033 /* Colors.swift in Sources */,
				EAE43DE329644D6200405533 /* ActivityViewController.swift in Sources */,
				EA7512C6295C5A99006EE033 /* FootCaptureViewModel.swift in Sources */,
				EA7512C5295C5A99006EE033 /* FootCaptureView.swift in Sources */,
				EA743F75295C2FD400C488C4 /* UIViewController+ControllerForPresentation.swift in Sources */,
				EA3D9D352967419C00331FEA /* SoleCaptureViewModel.swift in Sources */,
				EAEE0C9D299E6E01007D5BB2 /* stitching.cpp in Sources */,
				EAEE0CA1299E6E01007D5BB2 /* floor.cpp in Sources */,
				EA3D9D5029675AA600331FEA /* InstructionCollectionViewCell.swift in Sources */,
				EAF45DC329A4B5990000F3EC /* ReconstructionServiceEvent.swift in Sources */,
				EA7512D6295CBACA006EE033 /* ARSessionManagerEvent.swift in Sources */,
				EA3EF1A9298C10BA00DADE92 /* PreviewViewModel.swift in Sources */,
				EAE43DC029643E5100405533 /* CaptureOutputManager.swift in Sources */,
				EA3EF198298C0C2400DADE92 /* ProcessingView.swift in Sources */,
				EAF24359295DD435000855C3 /* PhoneNode.swift in Sources */,
				EA743F3A295C147A00C488C4 /* AppDelegate.swift in Sources */,
				EAF24352295DA183000855C3 /* ARSCNView+WorldPosition.swift in Sources */,
				EAE43DD42964455C00405533 /* CaptureConstants.swift in Sources */,
				EA3D9D342967419C00331FEA /* SoleCaptureView.swift in Sources */,
				EA743F94295C350F00C488C4 /* BaseViewModel.swift in Sources */,
				EAE43DB62964394C00405533 /* CVPixelBuffer+Copy.swift in Sources */,
				EA743F6B295C2E2E00C488C4 /* AppContainer.swift in Sources */,
				EA743F9D295C397700C488C4 /* LogType.swift in Sources */,
				EA3EF1A7298C10BA00DADE92 /* PreviewViewController.swift in Sources */,
				EA7512D3295CB6EF006EE033 /* ARSessionManager.swift in Sources */,
				EA3EF197298C0C2400DADE92 /* ProcessingViewController.swift in Sources */,
				EA3D9D3C29674DED00331FEA /* InstructionsViewController.swift in Sources */,
				EA3D9D332967419C00331FEA /* SoleCaptureViewController.swift in Sources */,
				EA3D9D3E29674DED00331FEA /* InstructionsViewModel.swift in Sources */,
				EAE43DC92964423000405533 /* String+InitFromArray.swift in Sources */,
				EA3D9D4D29675A4500331FEA /* UICollectionView+Cells.swift in Sources */,
				EA3D9D4B296759DE00331FEA /* ReusableCell.swift in Sources */,
				EAE43DDA29644A4000405533 /* SuccessModuleBuilder.swift in Sources */,
				EAE43DDC29644A4000405533 /* SuccessView.swift in Sources */,
				EA743F98295C391A00C488C4 /* LogService.swift in Sources */,
				EAE43DBE29643E4100405533 /* CaptureOutputManagerEvent.swift in Sources */,
				EA743F9F295C39C800C488C4 /* LogModel.swift in Sources */,
				EAE43DE829644E1100405533 /* OutputArray+GetFiles.swift in Sources */,
				EAEE0C9C299E6E01007D5BB2 /* reconstruction.cpp in Sources */,
				EA3D9D542967FCA800331FEA /* SpeechRecognizer.swift in Sources */,
				EAE43DD02964439100405533 /* UIImage+Init.swift in Sources */,
				EA3D9D322967419C00331FEA /* SoleCaptureModuleBuilder.swift in Sources */,
				EAEE0C9E299E6E01007D5BB2 /* postprocessing.cpp in Sources */,
				EAE43DB02964024100405533 /* CaptureServiceEvent.swift in Sources */,
				EA743F8E295C33FC00C488C4 /* BaseViewController.swift in Sources */,
				EAF2434F295D92DA000855C3 /* FootNode.swift in Sources */,
				EA3EF1A8298C10BA00DADE92 /* PreviewView.swift in Sources */,
				EAE43DE529644DA900405533 /* UIDevice+Model.swift in Sources */,
				EAE43DDD29644A4000405533 /* SuccessViewModel.swift in Sources */,
				EA3EF199298C0C2400DADE92 /* ProcessingViewModel.swift in Sources */,
				EA3D9D3B29674DED00331FEA /* InstructionsModuleBuilder.swift in Sources */,
				EA743F92295C345200C488C4 /* ViewModel.swift in Sources */,
				EA743F88295C332400C488C4 /* Module.swift in Sources */,
				EA2C90AF29A624F300C2C209 /* ReconstructionInput.swift in Sources */,
				EA3D9D572967FD3000331FEA /* SpeechRecognizerEvent.swift in Sources */,
				EAE43DAD296401F900405533 /* CaptureService.swift in Sources */,
				EA743F70295C2EB300C488C4 /* Coordinator.swift in Sources */,
				EA3D9D452967532400331FEA /* Instruction.swift in Sources */,
				EA6C9BE2295EBDD4009B6755 /* CapturePosition.swift in Sources */,
				EA743F3C295C147A00C488C4 /* SceneDelegate.swift in Sources */,
				EA3EF1A6298C10BA00DADE92 /* PreviewModuleBuilder.swift in Sources */,
				EA7512C4295C5A99006EE033 /* FootCaptureViewController.swift in Sources */,
				EA743F5E295C2BF500C488C4 /* Font.swift in Sources */,
				EA3EF18E298C0BF800DADE92 /* Animation.swift in Sources */,
				EAE43DC229643F7200405533 /* CaptureOutputSettings.swift in Sources */,
				EA743F77295C305200C488C4 /* AppCoordinator.swift in Sources */,
				EAF2434D295D9178000855C3 /* Images.swift in Sources */,
				EA743F8C295C33AC00C488C4 /* BaseView.swift in Sources */,
				EAEE0C9F299E6E01007D5BB2 /* util.cpp in Sources */,
				EAE43DD2296443C600405533 /* CaptureProcessedOutput.swift in Sources */,
				EAF24357295DA921000855C3 /* ARSessionCombinedDelegate.swift in Sources */,
				EA3EF196298C0C2400DADE92 /* ProcessingModuleBuilder.swift in Sources */,
				EAF45DC029A4B5590000F3EC /* ReconstructionService.swift in Sources */,
				EAF24354295DA19A000855C3 /* SCNVector3+Transform.swift in Sources */,
				EAE43DCC2964424F00405533 /* OutputConstants.swift in Sources */,
				EA743F7D295C32BD00C488C4 /* UIView+Constraints.swift in Sources */,
				EAE43DCE2964429800405533 /* Matrix+ToString.swift in Sources */,
				EAE43DDB29644A4000405533 /* SuccessViewController.swift in Sources */,
				EA24D4D229A4BF37002979D0 /* ProcessingConstants.swift in Sources */,
				EAEE0CA0299E6E01007D5BB2 /* segmentation.cpp in Sources */,
				EAE43DB32964082E00405533 /* simd_float4x4+Position.swift in Sources */,
			);
			runOnlyForDeploymentPostprocessing = 0;
		};
/* End PBXSourcesBuildPhase section */

/* Begin PBXVariantGroup section */
		EA743F44295C147C00C488C4 /* LaunchScreen.storyboard */ = {
			isa = PBXVariantGroup;
			children = (
				EA743F45295C147C00C488C4 /* Base */,
			);
			name = LaunchScreen.storyboard;
			sourceTree = "<group>";
		};
/* End PBXVariantGroup section */

/* Begin XCBuildConfiguration section */
		EA743F48295C147C00C488C4 /* Debug */ = {
			isa = XCBuildConfiguration;
			buildSettings = {
				ALWAYS_SEARCH_USER_PATHS = NO;
				CLANG_ANALYZER_NONNULL = YES;
				CLANG_ANALYZER_NUMBER_OBJECT_CONVERSION = YES_AGGRESSIVE;
				CLANG_CXX_LANGUAGE_STANDARD = "gnu++20";
				CLANG_ENABLE_MODULES = YES;
				CLANG_ENABLE_OBJC_ARC = YES;
				CLANG_ENABLE_OBJC_WEAK = YES;
				CLANG_WARN_BLOCK_CAPTURE_AUTORELEASING = YES;
				CLANG_WARN_BOOL_CONVERSION = YES;
				CLANG_WARN_COMMA = YES;
				CLANG_WARN_CONSTANT_CONVERSION = YES;
				CLANG_WARN_DEPRECATED_OBJC_IMPLEMENTATIONS = YES;
				CLANG_WARN_DIRECT_OBJC_ISA_USAGE = YES_ERROR;
				CLANG_WARN_DOCUMENTATION_COMMENTS = YES;
				CLANG_WARN_EMPTY_BODY = YES;
				CLANG_WARN_ENUM_CONVERSION = YES;
				CLANG_WARN_INFINITE_RECURSION = YES;
				CLANG_WARN_INT_CONVERSION = YES;
				CLANG_WARN_NON_LITERAL_NULL_CONVERSION = YES;
				CLANG_WARN_OBJC_IMPLICIT_RETAIN_SELF = YES;
				CLANG_WARN_OBJC_LITERAL_CONVERSION = YES;
				CLANG_WARN_OBJC_ROOT_CLASS = YES_ERROR;
				CLANG_WARN_QUOTED_INCLUDE_IN_FRAMEWORK_HEADER = YES;
				CLANG_WARN_RANGE_LOOP_ANALYSIS = YES;
				CLANG_WARN_STRICT_PROTOTYPES = YES;
				CLANG_WARN_SUSPICIOUS_MOVE = YES;
				CLANG_WARN_UNGUARDED_AVAILABILITY = YES_AGGRESSIVE;
				CLANG_WARN_UNREACHABLE_CODE = YES;
				CLANG_WARN__DUPLICATE_METHOD_MATCH = YES;
				COPY_PHASE_STRIP = NO;
				DEBUG_INFORMATION_FORMAT = dwarf;
				ENABLE_STRICT_OBJC_MSGSEND = YES;
				ENABLE_TESTABILITY = YES;
				GCC_C_LANGUAGE_STANDARD = gnu11;
				GCC_DYNAMIC_NO_PIC = NO;
				GCC_NO_COMMON_BLOCKS = YES;
				GCC_OPTIMIZATION_LEVEL = 0;
				GCC_PREPROCESSOR_DEFINITIONS = (
					"DEBUG=1",
					"$(inherited)",
				);
				GCC_WARN_64_TO_32_BIT_CONVERSION = YES;
				GCC_WARN_ABOUT_RETURN_TYPE = YES_ERROR;
				GCC_WARN_UNDECLARED_SELECTOR = YES;
				GCC_WARN_UNINITIALIZED_AUTOS = YES_AGGRESSIVE;
				GCC_WARN_UNUSED_FUNCTION = YES;
				GCC_WARN_UNUSED_VARIABLE = YES;
				IPHONEOS_DEPLOYMENT_TARGET = 16.0;
				MTL_ENABLE_DEBUG_INFO = INCLUDE_SOURCE;
				MTL_FAST_MATH = YES;
				ONLY_ACTIVE_ARCH = YES;
				SDKROOT = iphoneos;
				SWIFT_ACTIVE_COMPILATION_CONDITIONS = DEBUG;
				SWIFT_OPTIMIZATION_LEVEL = "-Onone";
			};
			name = Debug;
		};
		EA743F49295C147C00C488C4 /* Release */ = {
			isa = XCBuildConfiguration;
			buildSettings = {
				ALWAYS_SEARCH_USER_PATHS = NO;
				CLANG_ANALYZER_NONNULL = YES;
				CLANG_ANALYZER_NUMBER_OBJECT_CONVERSION = YES_AGGRESSIVE;
				CLANG_CXX_LANGUAGE_STANDARD = "gnu++20";
				CLANG_ENABLE_MODULES = YES;
				CLANG_ENABLE_OBJC_ARC = YES;
				CLANG_ENABLE_OBJC_WEAK = YES;
				CLANG_WARN_BLOCK_CAPTURE_AUTORELEASING = YES;
				CLANG_WARN_BOOL_CONVERSION = YES;
				CLANG_WARN_COMMA = YES;
				CLANG_WARN_CONSTANT_CONVERSION = YES;
				CLANG_WARN_DEPRECATED_OBJC_IMPLEMENTATIONS = YES;
				CLANG_WARN_DIRECT_OBJC_ISA_USAGE = YES_ERROR;
				CLANG_WARN_DOCUMENTATION_COMMENTS = YES;
				CLANG_WARN_EMPTY_BODY = YES;
				CLANG_WARN_ENUM_CONVERSION = YES;
				CLANG_WARN_INFINITE_RECURSION = YES;
				CLANG_WARN_INT_CONVERSION = YES;
				CLANG_WARN_NON_LITERAL_NULL_CONVERSION = YES;
				CLANG_WARN_OBJC_IMPLICIT_RETAIN_SELF = YES;
				CLANG_WARN_OBJC_LITERAL_CONVERSION = YES;
				CLANG_WARN_OBJC_ROOT_CLASS = YES_ERROR;
				CLANG_WARN_QUOTED_INCLUDE_IN_FRAMEWORK_HEADER = YES;
				CLANG_WARN_RANGE_LOOP_ANALYSIS = YES;
				CLANG_WARN_STRICT_PROTOTYPES = YES;
				CLANG_WARN_SUSPICIOUS_MOVE = YES;
				CLANG_WARN_UNGUARDED_AVAILABILITY = YES_AGGRESSIVE;
				CLANG_WARN_UNREACHABLE_CODE = YES;
				CLANG_WARN__DUPLICATE_METHOD_MATCH = YES;
				COPY_PHASE_STRIP = NO;
				DEBUG_INFORMATION_FORMAT = "dwarf-with-dsym";
				ENABLE_NS_ASSERTIONS = NO;
				ENABLE_STRICT_OBJC_MSGSEND = YES;
				GCC_C_LANGUAGE_STANDARD = gnu11;
				GCC_NO_COMMON_BLOCKS = YES;
				GCC_WARN_64_TO_32_BIT_CONVERSION = YES;
				GCC_WARN_ABOUT_RETURN_TYPE = YES_ERROR;
				GCC_WARN_UNDECLARED_SELECTOR = YES;
				GCC_WARN_UNINITIALIZED_AUTOS = YES_AGGRESSIVE;
				GCC_WARN_UNUSED_FUNCTION = YES;
				GCC_WARN_UNUSED_VARIABLE = YES;
				IPHONEOS_DEPLOYMENT_TARGET = 16.0;
				MTL_ENABLE_DEBUG_INFO = NO;
				MTL_FAST_MATH = YES;
				SDKROOT = iphoneos;
				SWIFT_COMPILATION_MODE = wholemodule;
				SWIFT_OPTIMIZATION_LEVEL = "-O";
				VALIDATE_PRODUCT = YES;
			};
			name = Release;
		};
		EA743F4B295C147C00C488C4 /* Debug */ = {
			isa = XCBuildConfiguration;
			buildSettings = {
				ASSETCATALOG_COMPILER_APPICON_NAME = AppIcon;
				ASSETCATALOG_COMPILER_GLOBAL_ACCENT_COLOR_NAME = AccentColor;
				CLANG_ENABLE_MODULES = YES;
				CODE_SIGN_STYLE = Automatic;
				CURRENT_PROJECT_VERSION = 14;
				DEVELOPMENT_TEAM = VU7MDLXL25;
				GENERATE_INFOPLIST_FILE = YES;
				HEADER_SEARCH_PATHS = "$(BUILT_PRODUCTS_DIR)/include/open3d/3rdparty";
				INFOPLIST_FILE = iFoot3D/Environment/Info.plist;
				INFOPLIST_KEY_NSCameraUsageDescription = "For foot capturing";
				INFOPLIST_KEY_UIApplicationSupportsIndirectInputEvents = YES;
				INFOPLIST_KEY_UILaunchStoryboardName = LaunchScreen.storyboard;
				INFOPLIST_KEY_UISupportedInterfaceOrientations = UIInterfaceOrientationPortrait;
				INFOPLIST_KEY_UISupportedInterfaceOrientations_iPad = "UIInterfaceOrientationLandscapeLeft UIInterfaceOrientationLandscapeRight UIInterfaceOrientationPortrait UIInterfaceOrientationPortraitUpsideDown";
				INFOPLIST_KEY_UIUserInterfaceStyle = Light;
				IPHONEOS_DEPLOYMENT_TARGET = 14.0;
				LD_RUNPATH_SEARCH_PATHS = (
					"$(inherited)",
					"@executable_path/Frameworks",
				);
				MARKETING_VERSION = 1.0;
				PRODUCT_BUNDLE_IDENTIFIER = "com.it-jim.iFoot3D";
				PRODUCT_NAME = "$(TARGET_NAME)";
				SUPPORTED_PLATFORMS = "iphoneos iphonesimulator";
				SUPPORTS_MACCATALYST = NO;
				SUPPORTS_MAC_DESIGNED_FOR_IPHONE_IPAD = NO;
				SWIFT_EMIT_LOC_STRINGS = YES;
				SWIFT_OBJC_BRIDGING_HEADER = "iFoot3D/BusinessLogic/Bridging/iFoot3D-Bridging-Header.h";
				SWIFT_OPTIMIZATION_LEVEL = "-Onone";
				SWIFT_VERSION = 5.0;
				TARGETED_DEVICE_FAMILY = 1;
			};
			name = Debug;
		};
		EA743F4C295C147C00C488C4 /* Release */ = {
			isa = XCBuildConfiguration;
			buildSettings = {
				ASSETCATALOG_COMPILER_APPICON_NAME = AppIcon;
				ASSETCATALOG_COMPILER_GLOBAL_ACCENT_COLOR_NAME = AccentColor;
				CLANG_ENABLE_MODULES = YES;
				CODE_SIGN_STYLE = Automatic;
				CURRENT_PROJECT_VERSION = 14;
				DEVELOPMENT_TEAM = VU7MDLXL25;
				GENERATE_INFOPLIST_FILE = YES;
				HEADER_SEARCH_PATHS = "$(BUILT_PRODUCTS_DIR)/include/open3d/3rdparty";
				INFOPLIST_FILE = iFoot3D/Environment/Info.plist;
				INFOPLIST_KEY_NSCameraUsageDescription = "For foot capturing";
				INFOPLIST_KEY_UIApplicationSupportsIndirectInputEvents = YES;
				INFOPLIST_KEY_UILaunchStoryboardName = LaunchScreen.storyboard;
				INFOPLIST_KEY_UISupportedInterfaceOrientations = UIInterfaceOrientationPortrait;
				INFOPLIST_KEY_UISupportedInterfaceOrientations_iPad = "UIInterfaceOrientationLandscapeLeft UIInterfaceOrientationLandscapeRight UIInterfaceOrientationPortrait UIInterfaceOrientationPortraitUpsideDown";
				INFOPLIST_KEY_UIUserInterfaceStyle = Light;
				IPHONEOS_DEPLOYMENT_TARGET = 14.0;
				LD_RUNPATH_SEARCH_PATHS = (
					"$(inherited)",
					"@executable_path/Frameworks",
				);
				MARKETING_VERSION = 1.0;
				PRODUCT_BUNDLE_IDENTIFIER = "com.it-jim.iFoot3D";
				PRODUCT_NAME = "$(TARGET_NAME)";
				SUPPORTED_PLATFORMS = "iphoneos iphonesimulator";
				SUPPORTS_MACCATALYST = NO;
				SUPPORTS_MAC_DESIGNED_FOR_IPHONE_IPAD = NO;
				SWIFT_EMIT_LOC_STRINGS = YES;
				SWIFT_OBJC_BRIDGING_HEADER = "iFoot3D/BusinessLogic/Bridging/iFoot3D-Bridging-Header.h";
				SWIFT_VERSION = 5.0;
				TARGETED_DEVICE_FAMILY = 1;
			};
			name = Release;
		};
/* End XCBuildConfiguration section */

/* Begin XCConfigurationList section */
		EA743F31295C147A00C488C4 /* Build configuration list for PBXProject "iFoot3D" */ = {
			isa = XCConfigurationList;
			buildConfigurations = (
				EA743F48295C147C00C488C4 /* Debug */,
				EA743F49295C147C00C488C4 /* Release */,
			);
			defaultConfigurationIsVisible = 0;
			defaultConfigurationName = Release;
		};
		EA743F4A295C147C00C488C4 /* Build configuration list for PBXNativeTarget "iFoot3D" */ = {
			isa = XCConfigurationList;
			buildConfigurations = (
				EA743F4B295C147C00C488C4 /* Debug */,
				EA743F4C295C147C00C488C4 /* Release */,
			);
			defaultConfigurationIsVisible = 0;
			defaultConfigurationName = Release;
		};
/* End XCConfigurationList section */

/* Begin XCRemoteSwiftPackageReference section */
		EA1A53A7299E3C2300E5B193 /* XCRemoteSwiftPackageReference "Open3D-iOS" */ = {
			isa = XCRemoteSwiftPackageReference;
			repositoryURL = "https://github.com/charliegarrison/Open3D-iOS.git";
			requirement = {
				branch = main;
				kind = branch;
			};
		};
		EA2C90AA29A6245800C2C209 /* XCRemoteSwiftPackageReference "Zip" */ = {
			isa = XCRemoteSwiftPackageReference;
			repositoryURL = "https://github.com/marmelroy/Zip.git";
			requirement = {
				branch = master;
				kind = branch;
			};
		};
		EA3EF187298C0B7C00DADE92 /* XCRemoteSwiftPackageReference "lottie-ios" */ = {
			isa = XCRemoteSwiftPackageReference;
			repositoryURL = "https://github.com/airbnb/lottie-ios.git";
			requirement = {
				branch = master;
				kind = branch;
			};
		};
		EA743F53295C17C800C488C4 /* XCRemoteSwiftPackageReference "CombineCocoa" */ = {
			isa = XCRemoteSwiftPackageReference;
			repositoryURL = "https://github.com/CombineCommunity/CombineCocoa.git";
			requirement = {
				kind = upToNextMajorVersion;
				minimumVersion = 0.4.1;
			};
		};
		EA7512CE295C6397006EE033 /* XCRemoteSwiftPackageReference "Toast-Swift" */ = {
			isa = XCRemoteSwiftPackageReference;
			repositoryURL = "https://github.com/scalessec/Toast-Swift.git";
			requirement = {
				kind = upToNextMajorVersion;
				minimumVersion = 5.0.0;
			};
		};
		EAEE0CA5299E6F93007D5BB2 /* XCRemoteSwiftPackageReference "lfa_opencv" */ = {
			isa = XCRemoteSwiftPackageReference;
			repositoryURL = "https://bitbucket.org/Zhats/lfa_opencv";
			requirement = {
				branch = master;
				kind = branch;
			};
		};
/* End XCRemoteSwiftPackageReference section */

/* Begin XCSwiftPackageProductDependency section */
		EA1A53A8299E3C2300E5B193 /* Open3D-iOS */ = {
			isa = XCSwiftPackageProductDependency;
			package = EA1A53A7299E3C2300E5B193 /* XCRemoteSwiftPackageReference "Open3D-iOS" */;
			productName = "Open3D-iOS";
		};
		EA2C90AB29A6245800C2C209 /* Zip */ = {
			isa = XCSwiftPackageProductDependency;
			package = EA2C90AA29A6245800C2C209 /* XCRemoteSwiftPackageReference "Zip" */;
			productName = Zip;
		};
		EA3EF188298C0B7C00DADE92 /* Lottie */ = {
			isa = XCSwiftPackageProductDependency;
			package = EA3EF187298C0B7C00DADE92 /* XCRemoteSwiftPackageReference "lottie-ios" */;
			productName = Lottie;
		};
		EA743F54295C17C800C488C4 /* CombineCocoa */ = {
			isa = XCSwiftPackageProductDependency;
			package = EA743F53295C17C800C488C4 /* XCRemoteSwiftPackageReference "CombineCocoa" */;
			productName = CombineCocoa;
		};
		EA7512CF295C6397006EE033 /* Toast */ = {
			isa = XCSwiftPackageProductDependency;
			package = EA7512CE295C6397006EE033 /* XCRemoteSwiftPackageReference "Toast-Swift" */;
			productName = Toast;
		};
		EAEE0CA6299E6F93007D5BB2 /* OpenCV */ = {
			isa = XCSwiftPackageProductDependency;
			package = EAEE0CA5299E6F93007D5BB2 /* XCRemoteSwiftPackageReference "lfa_opencv" */;
			productName = OpenCV;
		};
/* End XCSwiftPackageProductDependency section */
	};
	rootObject = EA743F2E295C147A00C488C4 /* Project object */;
}
