// !$*UTF8*$!
{
	archiveVersion = 1;
	classes = {
	};
	objectVersion = 56;
	objects = {

/* Begin PBXBuildFile section */
		EA743F3A295C147A00C488C4 /* AppDelegate.swift in Sources */ = {isa = PBXBuildFile; fileRef = EA743F39295C147A00C488C4 /* AppDelegate.swift */; };
		EA743F3C295C147A00C488C4 /* SceneDelegate.swift in Sources */ = {isa = PBXBuildFile; fileRef = EA743F3B295C147A00C488C4 /* SceneDelegate.swift */; };
		EA743F41295C147A00C488C4 /* Main.storyboard in Resources */ = {isa = PBXBuildFile; fileRef = EA743F3F295C147A00C488C4 /* Main.storyboard */; };
		EA743F43295C147C00C488C4 /* Assets.xcassets in Resources */ = {isa = PBXBuildFile; fileRef = EA743F42295C147C00C488C4 /* Assets.xcassets */; };
		EA743F46295C147C00C488C4 /* LaunchScreen.storyboard in Resources */ = {isa = PBXBuildFile; fileRef = EA743F44295C147C00C488C4 /* LaunchScreen.storyboard */; };
		EA743F55295C17C800C488C4 /* CombineCocoa in Frameworks */ = {isa = PBXBuildFile; productRef = EA743F54295C17C800C488C4 /* CombineCocoa */; };
		EA743F59295C2BAC00C488C4 /* FuturaBold.ttf in Resources */ = {isa = PBXBuildFile; fileRef = EA743F58295C2BAC00C488C4 /* FuturaBold.ttf */; };
		EA743F5E295C2BF500C488C4 /* Font.swift in Sources */ = {isa = PBXBuildFile; fileRef = EA743F5D295C2BF500C488C4 /* Font.swift */; };
		EA743F66295C2C8800C488C4 /* SF-Pro-Text-Medium.otf in Resources */ = {isa = PBXBuildFile; fileRef = EA743F61295C2C8800C488C4 /* SF-Pro-Text-Medium.otf */; };
		EA743F67295C2C8800C488C4 /* SF-Pro-Text-Regular.otf in Resources */ = {isa = PBXBuildFile; fileRef = EA743F62295C2C8800C488C4 /* SF-Pro-Text-Regular.otf */; };
		EA743F68295C2C8800C488C4 /* SF-Pro-Text-Bold.otf in Resources */ = {isa = PBXBuildFile; fileRef = EA743F63295C2C8800C488C4 /* SF-Pro-Text-Bold.otf */; };
		EA743F69295C2C8800C488C4 /* SF-Pro-Text-Thin.otf in Resources */ = {isa = PBXBuildFile; fileRef = EA743F64295C2C8800C488C4 /* SF-Pro-Text-Thin.otf */; };
/* End PBXBuildFile section */

/* Begin PBXFileReference section */
		EA743F36295C147A00C488C4 /* iFoot3D.app */ = {isa = PBXFileReference; explicitFileType = wrapper.application; includeInIndex = 0; path = iFoot3D.app; sourceTree = BUILT_PRODUCTS_DIR; };
		EA743F39295C147A00C488C4 /* AppDelegate.swift */ = {isa = PBXFileReference; lastKnownFileType = sourcecode.swift; path = AppDelegate.swift; sourceTree = "<group>"; };
		EA743F3B295C147A00C488C4 /* SceneDelegate.swift */ = {isa = PBXFileReference; lastKnownFileType = sourcecode.swift; path = SceneDelegate.swift; sourceTree = "<group>"; };
		EA743F40295C147A00C488C4 /* Base */ = {isa = PBXFileReference; lastKnownFileType = file.storyboard; name = Base; path = Base.lproj/Main.storyboard; sourceTree = "<group>"; };
		EA743F42295C147C00C488C4 /* Assets.xcassets */ = {isa = PBXFileReference; lastKnownFileType = folder.assetcatalog; path = Assets.xcassets; sourceTree = "<group>"; };
		EA743F45295C147C00C488C4 /* Base */ = {isa = PBXFileReference; lastKnownFileType = file.storyboard; name = Base; path = Base.lproj/LaunchScreen.storyboard; sourceTree = "<group>"; };
		EA743F47295C147C00C488C4 /* Info.plist */ = {isa = PBXFileReference; lastKnownFileType = text.plist.xml; path = Info.plist; sourceTree = "<group>"; };
		EA743F58295C2BAC00C488C4 /* FuturaBold.ttf */ = {isa = PBXFileReference; lastKnownFileType = file; path = FuturaBold.ttf; sourceTree = "<group>"; };
		EA743F5D295C2BF500C488C4 /* Font.swift */ = {isa = PBXFileReference; lastKnownFileType = sourcecode.swift; path = Font.swift; sourceTree = "<group>"; };
		EA743F61295C2C8800C488C4 /* SF-Pro-Text-Medium.otf */ = {isa = PBXFileReference; lastKnownFileType = file; path = "SF-Pro-Text-Medium.otf"; sourceTree = "<group>"; };
		EA743F62295C2C8800C488C4 /* SF-Pro-Text-Regular.otf */ = {isa = PBXFileReference; lastKnownFileType = file; path = "SF-Pro-Text-Regular.otf"; sourceTree = "<group>"; };
		EA743F63295C2C8800C488C4 /* SF-Pro-Text-Bold.otf */ = {isa = PBXFileReference; lastKnownFileType = file; path = "SF-Pro-Text-Bold.otf"; sourceTree = "<group>"; };
		EA743F64295C2C8800C488C4 /* SF-Pro-Text-Thin.otf */ = {isa = PBXFileReference; lastKnownFileType = file; path = "SF-Pro-Text-Thin.otf"; sourceTree = "<group>"; };
/* End PBXFileReference section */

/* Begin PBXFrameworksBuildPhase section */
		EA743F33295C147A00C488C4 /* Frameworks */ = {
			isa = PBXFrameworksBuildPhase;
			buildActionMask = 2147483647;
			files = (
				EA743F55295C17C800C488C4 /* CombineCocoa in Frameworks */,
			);
			runOnlyForDeploymentPostprocessing = 0;
		};
/* End PBXFrameworksBuildPhase section */

/* Begin PBXGroup section */
		EA743F2D295C147A00C488C4 = {
			isa = PBXGroup;
			children = (
				EA743F38295C147A00C488C4 /* iFoot3D */,
				EA743F37295C147A00C488C4 /* Products */,
			);
			sourceTree = "<group>";
		};
		EA743F37295C147A00C488C4 /* Products */ = {
			isa = PBXGroup;
			children = (
				EA743F36295C147A00C488C4 /* iFoot3D.app */,
			);
			name = Products;
			sourceTree = "<group>";
		};
		EA743F38295C147A00C488C4 /* iFoot3D */ = {
			isa = PBXGroup;
			children = (
				EA743F4D295C14AF00C488C4 /* Application */,
				EA743F51295C159300C488C4 /* Environment */,
				EA743F52295C15F100C488C4 /* Presentation */,
				EA743F4E295C157300C488C4 /* Resources */,
			);
			path = iFoot3D;
			sourceTree = "<group>";
		};
		EA743F4D295C14AF00C488C4 /* Application */ = {
			isa = PBXGroup;
			children = (
				EA743F39295C147A00C488C4 /* AppDelegate.swift */,
				EA743F3B295C147A00C488C4 /* SceneDelegate.swift */,
			);
			path = Application;
			sourceTree = "<group>";
		};
		EA743F4E295C157300C488C4 /* Resources */ = {
			isa = PBXGroup;
			children = (
				EA743F56295C2B8700C488C4 /* Fonts */,
				EA743F50295C158A00C488C4 /* Assets */,
				EA743F4F295C157900C488C4 /* Storyboards */,
			);
			path = Resources;
			sourceTree = "<group>";
		};
		EA743F4F295C157900C488C4 /* Storyboards */ = {
			isa = PBXGroup;
			children = (
				EA743F3F295C147A00C488C4 /* Main.storyboard */,
				EA743F44295C147C00C488C4 /* LaunchScreen.storyboard */,
			);
			path = Storyboards;
			sourceTree = "<group>";
		};
		EA743F50295C158A00C488C4 /* Assets */ = {
			isa = PBXGroup;
			children = (
				EA743F42295C147C00C488C4 /* Assets.xcassets */,
			);
			path = Assets;
			sourceTree = "<group>";
		};
		EA743F51295C159300C488C4 /* Environment */ = {
			isa = PBXGroup;
			children = (
				EA743F47295C147C00C488C4 /* Info.plist */,
			);
			path = Environment;
			sourceTree = "<group>";
		};
		EA743F52295C15F100C488C4 /* Presentation */ = {
			isa = PBXGroup;
			children = (
			);
			path = Presentation;
			sourceTree = "<group>";
		};
		EA743F56295C2B8700C488C4 /* Fonts */ = {
			isa = PBXGroup;
			children = (
				EA743F5C295C2BEE00C488C4 /* Font */,
				EA743F57295C2B9D00C488C4 /* Futura */,
				EA743F5F295C2C7C00C488C4 /* SFProText */,
			);
			path = Fonts;
			sourceTree = "<group>";
		};
		EA743F57295C2B9D00C488C4 /* Futura */ = {
			isa = PBXGroup;
			children = (
				EA743F58295C2BAC00C488C4 /* FuturaBold.ttf */,
			);
			path = Futura;
			sourceTree = "<group>";
		};
		EA743F5C295C2BEE00C488C4 /* Font */ = {
			isa = PBXGroup;
			children = (
				EA743F5D295C2BF500C488C4 /* Font.swift */,
			);
			path = Font;
			sourceTree = "<group>";
		};
		EA743F5F295C2C7C00C488C4 /* SFProText */ = {
			isa = PBXGroup;
			children = (
				EA743F63295C2C8800C488C4 /* SF-Pro-Text-Bold.otf */,
				EA743F61295C2C8800C488C4 /* SF-Pro-Text-Medium.otf */,
				EA743F62295C2C8800C488C4 /* SF-Pro-Text-Regular.otf */,
				EA743F64295C2C8800C488C4 /* SF-Pro-Text-Thin.otf */,
			);
			path = SFProText;
			sourceTree = "<group>";
		};
/* End PBXGroup section */

/* Begin PBXNativeTarget section */
		EA743F35295C147A00C488C4 /* iFoot3D */ = {
			isa = PBXNativeTarget;
			buildConfigurationList = EA743F4A295C147C00C488C4 /* Build configuration list for PBXNativeTarget "iFoot3D" */;
			buildPhases = (
				EA743F32295C147A00C488C4 /* Sources */,
				EA743F33295C147A00C488C4 /* Frameworks */,
				EA743F34295C147A00C488C4 /* Resources */,
			);
			buildRules = (
			);
			dependencies = (
			);
			name = iFoot3D;
			packageProductDependencies = (
				EA743F54295C17C800C488C4 /* CombineCocoa */,
			);
			productName = iFoot3D;
			productReference = EA743F36295C147A00C488C4 /* iFoot3D.app */;
			productType = "com.apple.product-type.application";
		};
/* End PBXNativeTarget section */

/* Begin PBXProject section */
		EA743F2E295C147A00C488C4 /* Project object */ = {
			isa = PBXProject;
			attributes = {
				BuildIndependentTargetsInParallel = 1;
				LastSwiftUpdateCheck = 1400;
				LastUpgradeCheck = 1400;
				TargetAttributes = {
					EA743F35295C147A00C488C4 = {
						CreatedOnToolsVersion = 14.0.1;
					};
				};
			};
			buildConfigurationList = EA743F31295C147A00C488C4 /* Build configuration list for PBXProject "iFoot3D" */;
			compatibilityVersion = "Xcode 14.0";
			developmentRegion = en;
			hasScannedForEncodings = 0;
			knownRegions = (
				en,
				Base,
			);
			mainGroup = EA743F2D295C147A00C488C4;
			packageReferences = (
				EA743F53295C17C800C488C4 /* XCRemoteSwiftPackageReference "CombineCocoa" */,
			);
			productRefGroup = EA743F37295C147A00C488C4 /* Products */;
			projectDirPath = "";
			projectRoot = "";
			targets = (
				EA743F35295C147A00C488C4 /* iFoot3D */,
			);
		};
/* End PBXProject section */

/* Begin PBXResourcesBuildPhase section */
		EA743F34295C147A00C488C4 /* Resources */ = {
			isa = PBXResourcesBuildPhase;
			buildActionMask = 2147483647;
			files = (
				EA743F46295C147C00C488C4 /* LaunchScreen.storyboard in Resources */,
				EA743F43295C147C00C488C4 /* Assets.xcassets in Resources */,
				EA743F59295C2BAC00C488C4 /* FuturaBold.ttf in Resources */,
				EA743F66295C2C8800C488C4 /* SF-Pro-Text-Medium.otf in Resources */,
				EA743F69295C2C8800C488C4 /* SF-Pro-Text-Thin.otf in Resources */,
				EA743F67295C2C8800C488C4 /* SF-Pro-Text-Regular.otf in Resources */,
				EA743F41295C147A00C488C4 /* Main.storyboard in Resources */,
				EA743F68295C2C8800C488C4 /* SF-Pro-Text-Bold.otf in Resources */,
			);
			runOnlyForDeploymentPostprocessing = 0;
		};
/* End PBXResourcesBuildPhase section */

/* Begin PBXSourcesBuildPhase section */
		EA743F32295C147A00C488C4 /* Sources */ = {
			isa = PBXSourcesBuildPhase;
			buildActionMask = 2147483647;
			files = (
				EA743F3A295C147A00C488C4 /* AppDelegate.swift in Sources */,
				EA743F3C295C147A00C488C4 /* SceneDelegate.swift in Sources */,
				EA743F5E295C2BF500C488C4 /* Font.swift in Sources */,
			);
			runOnlyForDeploymentPostprocessing = 0;
		};
/* End PBXSourcesBuildPhase section */

/* Begin PBXVariantGroup section */
		EA743F3F295C147A00C488C4 /* Main.storyboard */ = {
			isa = PBXVariantGroup;
			children = (
				EA743F40295C147A00C488C4 /* Base */,
			);
			name = Main.storyboard;
			sourceTree = "<group>";
		};
		EA743F44295C147C00C488C4 /* LaunchScreen.storyboard */ = {
			isa = PBXVariantGroup;
			children = (
				EA743F45295C147C00C488C4 /* Base */,
			);
			name = LaunchScreen.storyboard;
			sourceTree = "<group>";
		};
/* End PBXVariantGroup section */

/* Begin XCBuildConfiguration section */
		EA743F48295C147C00C488C4 /* Debug */ = {
			isa = XCBuildConfiguration;
			buildSettings = {
				ALWAYS_SEARCH_USER_PATHS = NO;
				CLANG_ANALYZER_NONNULL = YES;
				CLANG_ANALYZER_NUMBER_OBJECT_CONVERSION = YES_AGGRESSIVE;
				CLANG_CXX_LANGUAGE_STANDARD = "gnu++20";
				CLANG_ENABLE_MODULES = YES;
				CLANG_ENABLE_OBJC_ARC = YES;
				CLANG_ENABLE_OBJC_WEAK = YES;
				CLANG_WARN_BLOCK_CAPTURE_AUTORELEASING = YES;
				CLANG_WARN_BOOL_CONVERSION = YES;
				CLANG_WARN_COMMA = YES;
				CLANG_WARN_CONSTANT_CONVERSION = YES;
				CLANG_WARN_DEPRECATED_OBJC_IMPLEMENTATIONS = YES;
				CLANG_WARN_DIRECT_OBJC_ISA_USAGE = YES_ERROR;
				CLANG_WARN_DOCUMENTATION_COMMENTS = YES;
				CLANG_WARN_EMPTY_BODY = YES;
				CLANG_WARN_ENUM_CONVERSION = YES;
				CLANG_WARN_INFINITE_RECURSION = YES;
				CLANG_WARN_INT_CONVERSION = YES;
				CLANG_WARN_NON_LITERAL_NULL_CONVERSION = YES;
				CLANG_WARN_OBJC_IMPLICIT_RETAIN_SELF = YES;
				CLANG_WARN_OBJC_LITERAL_CONVERSION = YES;
				CLANG_WARN_OBJC_ROOT_CLASS = YES_ERROR;
				CLANG_WARN_QUOTED_INCLUDE_IN_FRAMEWORK_HEADER = YES;
				CLANG_WARN_RANGE_LOOP_ANALYSIS = YES;
				CLANG_WARN_STRICT_PROTOTYPES = YES;
				CLANG_WARN_SUSPICIOUS_MOVE = YES;
				CLANG_WARN_UNGUARDED_AVAILABILITY = YES_AGGRESSIVE;
				CLANG_WARN_UNREACHABLE_CODE = YES;
				CLANG_WARN__DUPLICATE_METHOD_MATCH = YES;
				COPY_PHASE_STRIP = NO;
				DEBUG_INFORMATION_FORMAT = dwarf;
				ENABLE_STRICT_OBJC_MSGSEND = YES;
				ENABLE_TESTABILITY = YES;
				GCC_C_LANGUAGE_STANDARD = gnu11;
				GCC_DYNAMIC_NO_PIC = NO;
				GCC_NO_COMMON_BLOCKS = YES;
				GCC_OPTIMIZATION_LEVEL = 0;
				GCC_PREPROCESSOR_DEFINITIONS = (
					"DEBUG=1",
					"$(inherited)",
				);
				GCC_WARN_64_TO_32_BIT_CONVERSION = YES;
				GCC_WARN_ABOUT_RETURN_TYPE = YES_ERROR;
				GCC_WARN_UNDECLARED_SELECTOR = YES;
				GCC_WARN_UNINITIALIZED_AUTOS = YES_AGGRESSIVE;
				GCC_WARN_UNUSED_FUNCTION = YES;
				GCC_WARN_UNUSED_VARIABLE = YES;
				IPHONEOS_DEPLOYMENT_TARGET = 16.0;
				MTL_ENABLE_DEBUG_INFO = INCLUDE_SOURCE;
				MTL_FAST_MATH = YES;
				ONLY_ACTIVE_ARCH = YES;
				SDKROOT = iphoneos;
				SWIFT_ACTIVE_COMPILATION_CONDITIONS = DEBUG;
				SWIFT_OPTIMIZATION_LEVEL = "-Onone";
			};
			name = Debug;
		};
		EA743F49295C147C00C488C4 /* Release */ = {
			isa = XCBuildConfiguration;
			buildSettings = {
				ALWAYS_SEARCH_USER_PATHS = NO;
				CLANG_ANALYZER_NONNULL = YES;
				CLANG_ANALYZER_NUMBER_OBJECT_CONVERSION = YES_AGGRESSIVE;
				CLANG_CXX_LANGUAGE_STANDARD = "gnu++20";
				CLANG_ENABLE_MODULES = YES;
				CLANG_ENABLE_OBJC_ARC = YES;
				CLANG_ENABLE_OBJC_WEAK = YES;
				CLANG_WARN_BLOCK_CAPTURE_AUTORELEASING = YES;
				CLANG_WARN_BOOL_CONVERSION = YES;
				CLANG_WARN_COMMA = YES;
				CLANG_WARN_CONSTANT_CONVERSION = YES;
				CLANG_WARN_DEPRECATED_OBJC_IMPLEMENTATIONS = YES;
				CLANG_WARN_DIRECT_OBJC_ISA_USAGE = YES_ERROR;
				CLANG_WARN_DOCUMENTATION_COMMENTS = YES;
				CLANG_WARN_EMPTY_BODY = YES;
				CLANG_WARN_ENUM_CONVERSION = YES;
				CLANG_WARN_INFINITE_RECURSION = YES;
				CLANG_WARN_INT_CONVERSION = YES;
				CLANG_WARN_NON_LITERAL_NULL_CONVERSION = YES;
				CLANG_WARN_OBJC_IMPLICIT_RETAIN_SELF = YES;
				CLANG_WARN_OBJC_LITERAL_CONVERSION = YES;
				CLANG_WARN_OBJC_ROOT_CLASS = YES_ERROR;
				CLANG_WARN_QUOTED_INCLUDE_IN_FRAMEWORK_HEADER = YES;
				CLANG_WARN_RANGE_LOOP_ANALYSIS = YES;
				CLANG_WARN_STRICT_PROTOTYPES = YES;
				CLANG_WARN_SUSPICIOUS_MOVE = YES;
				CLANG_WARN_UNGUARDED_AVAILABILITY = YES_AGGRESSIVE;
				CLANG_WARN_UNREACHABLE_CODE = YES;
				CLANG_WARN__DUPLICATE_METHOD_MATCH = YES;
				COPY_PHASE_STRIP = NO;
				DEBUG_INFORMATION_FORMAT = "dwarf-with-dsym";
				ENABLE_NS_ASSERTIONS = NO;
				ENABLE_STRICT_OBJC_MSGSEND = YES;
				GCC_C_LANGUAGE_STANDARD = gnu11;
				GCC_NO_COMMON_BLOCKS = YES;
				GCC_WARN_64_TO_32_BIT_CONVERSION = YES;
				GCC_WARN_ABOUT_RETURN_TYPE = YES_ERROR;
				GCC_WARN_UNDECLARED_SELECTOR = YES;
				GCC_WARN_UNINITIALIZED_AUTOS = YES_AGGRESSIVE;
				GCC_WARN_UNUSED_FUNCTION = YES;
				GCC_WARN_UNUSED_VARIABLE = YES;
				IPHONEOS_DEPLOYMENT_TARGET = 16.0;
				MTL_ENABLE_DEBUG_INFO = NO;
				MTL_FAST_MATH = YES;
				SDKROOT = iphoneos;
				SWIFT_COMPILATION_MODE = wholemodule;
				SWIFT_OPTIMIZATION_LEVEL = "-O";
				VALIDATE_PRODUCT = YES;
			};
			name = Release;
		};
		EA743F4B295C147C00C488C4 /* Debug */ = {
			isa = XCBuildConfiguration;
			buildSettings = {
				ASSETCATALOG_COMPILER_APPICON_NAME = AppIcon;
				ASSETCATALOG_COMPILER_GLOBAL_ACCENT_COLOR_NAME = AccentColor;
				CODE_SIGN_STYLE = Automatic;
				CURRENT_PROJECT_VERSION = 1;
				DEVELOPMENT_TEAM = VU7MDLXL25;
				GENERATE_INFOPLIST_FILE = YES;
				INFOPLIST_FILE = iFoot3D/Environment/Info.plist;
				INFOPLIST_KEY_UIApplicationSupportsIndirectInputEvents = YES;
				INFOPLIST_KEY_UILaunchStoryboardName = LaunchScreen;
				INFOPLIST_KEY_UIMainStoryboardFile = Main;
				INFOPLIST_KEY_UISupportedInterfaceOrientations = UIInterfaceOrientationPortrait;
				INFOPLIST_KEY_UISupportedInterfaceOrientations_iPad = "UIInterfaceOrientationLandscapeLeft UIInterfaceOrientationLandscapeRight UIInterfaceOrientationPortrait UIInterfaceOrientationPortraitUpsideDown";
				LD_RUNPATH_SEARCH_PATHS = (
					"$(inherited)",
					"@executable_path/Frameworks",
				);
				MARKETING_VERSION = 1.0;
				PRODUCT_BUNDLE_IDENTIFIER = "com.it-jim.iFoot3D";
				PRODUCT_NAME = "$(TARGET_NAME)";
				SUPPORTED_PLATFORMS = "iphoneos iphonesimulator";
				SUPPORTS_MACCATALYST = NO;
				SUPPORTS_MAC_DESIGNED_FOR_IPHONE_IPAD = NO;
				SWIFT_EMIT_LOC_STRINGS = YES;
				SWIFT_VERSION = 5.0;
				TARGETED_DEVICE_FAMILY = 1;
			};
			name = Debug;
		};
		EA743F4C295C147C00C488C4 /* Release */ = {
			isa = XCBuildConfiguration;
			buildSettings = {
				ASSETCATALOG_COMPILER_APPICON_NAME = AppIcon;
				ASSETCATALOG_COMPILER_GLOBAL_ACCENT_COLOR_NAME = AccentColor;
				CODE_SIGN_STYLE = Automatic;
				CURRENT_PROJECT_VERSION = 1;
				DEVELOPMENT_TEAM = VU7MDLXL25;
				GENERATE_INFOPLIST_FILE = YES;
				INFOPLIST_FILE = iFoot3D/Environment/Info.plist;
				INFOPLIST_KEY_UIApplicationSupportsIndirectInputEvents = YES;
				INFOPLIST_KEY_UILaunchStoryboardName = LaunchScreen;
				INFOPLIST_KEY_UIMainStoryboardFile = Main;
				INFOPLIST_KEY_UISupportedInterfaceOrientations = UIInterfaceOrientationPortrait;
				INFOPLIST_KEY_UISupportedInterfaceOrientations_iPad = "UIInterfaceOrientationLandscapeLeft UIInterfaceOrientationLandscapeRight UIInterfaceOrientationPortrait UIInterfaceOrientationPortraitUpsideDown";
				LD_RUNPATH_SEARCH_PATHS = (
					"$(inherited)",
					"@executable_path/Frameworks",
				);
				MARKETING_VERSION = 1.0;
				PRODUCT_BUNDLE_IDENTIFIER = "com.it-jim.iFoot3D";
				PRODUCT_NAME = "$(TARGET_NAME)";
				SUPPORTED_PLATFORMS = "iphoneos iphonesimulator";
				SUPPORTS_MACCATALYST = NO;
				SUPPORTS_MAC_DESIGNED_FOR_IPHONE_IPAD = NO;
				SWIFT_EMIT_LOC_STRINGS = YES;
				SWIFT_VERSION = 5.0;
				TARGETED_DEVICE_FAMILY = 1;
			};
			name = Release;
		};
/* End XCBuildConfiguration section */

/* Begin XCConfigurationList section */
		EA743F31295C147A00C488C4 /* Build configuration list for PBXProject "iFoot3D" */ = {
			isa = XCConfigurationList;
			buildConfigurations = (
				EA743F48295C147C00C488C4 /* Debug */,
				EA743F49295C147C00C488C4 /* Release */,
			);
			defaultConfigurationIsVisible = 0;
			defaultConfigurationName = Release;
		};
		EA743F4A295C147C00C488C4 /* Build configuration list for PBXNativeTarget "iFoot3D" */ = {
			isa = XCConfigurationList;
			buildConfigurations = (
				EA743F4B295C147C00C488C4 /* Debug */,
				EA743F4C295C147C00C488C4 /* Release */,
			);
			defaultConfigurationIsVisible = 0;
			defaultConfigurationName = Release;
		};
/* End XCConfigurationList section */

/* Begin XCRemoteSwiftPackageReference section */
		EA743F53295C17C800C488C4 /* XCRemoteSwiftPackageReference "CombineCocoa" */ = {
			isa = XCRemoteSwiftPackageReference;
			repositoryURL = "https://github.com/CombineCommunity/CombineCocoa.git";
			requirement = {
				kind = upToNextMajorVersion;
				minimumVersion = 0.4.1;
			};
		};
/* End XCRemoteSwiftPackageReference section */

/* Begin XCSwiftPackageProductDependency section */
		EA743F54295C17C800C488C4 /* CombineCocoa */ = {
			isa = XCSwiftPackageProductDependency;
			package = EA743F53295C17C800C488C4 /* XCRemoteSwiftPackageReference "CombineCocoa" */;
			productName = CombineCocoa;
		};
/* End XCSwiftPackageProductDependency section */
	};
	rootObject = EA743F2E295C147A00C488C4 /* Project object */;
}
